// generated by milpa; reproducible build snapshot
version 1
strategy "maxver"

dep "bar" {
    identity "dag-sha256:36f1b90340f57a398c8857f92b78b51d0a207df6b9965db95011bf39df83e66a"
    version "2.0.0"
    src_dir "src"
    requires
    dep_decl "sha256:8c2f20b957c5a16fe803caa5b0d3d4997b500549cae95d5716ded986d1c5ed22"
    provenance {
        origin "observed"
        kind "git"
        url "https://github.com/example/bar.git"
        ref "v2.0.0"
        commit_sha "cafef00dcafef00dcafef00dcafef00dcafef00d"
    }
}

dep "qux" {
    identity "dag-sha256:e47d3551069bf3c80205baea412d43935f36ed92af645524fb19726343ef80ab"
    version "1.0.0"
    src_dir "src"
    requires "bar"
    dep_decl "sha256:46c459ab1ed490eb7e5dd09fce8da6cc3e1a13d36fd2b71c264f276640b0b598"
    provenance {
        origin "observed"
        kind "git"
        url "https://github.com/example/qux.git"
        ref "v1.0.0"
        commit_sha "d00dd00dd00dd00dd00dd00dd00dd00dd00dd00d"
    }
}
