// generated by milpa; reproducible build snapshot
version 1
strategy "minver"

dep "member-a" {
    source {
        kind "member"
        name "member-a"
    }
    identity "dag-sha256:4e4e0f6412cafc0a94f78c0e286a38c2cba73d905a6aa5a293a72a564146dda0"
    version "0.0.0"
    src_dir ""
    requires "widget-a"
    provenance {
        origin "observed"
        kind "member"
        name "member-a"
    }
}

dep "member-b" {
    source {
        kind "member"
        name "member-b"
    }
    identity "dag-sha256:fd657708848f6861745bc82dae5125b4ca5ff947dbed02ce4f4ee56e7a736b14"
    version "0.0.0"
    src_dir ""
    requires "widget-b"
    provenance {
        origin "observed"
        kind "member"
        name "member-b"
    }
}

dep "widget-a" {
    source {
        kind "registry"
        registry "tianguis"
        name "widget-a"
    }
    identity "dag-sha256:0566e4068fee0b4cad65b3e09db2c3a40a9e93ed1145a3638bb9516f50327658"
    version "1.0.0"
    src_dir ""
    requires
    provenance {
        origin "observed"
        kind "git"
        url "https://example.com/widget-a.git"
        ref "v1.0.0"
        commit_sha "a0a0a0a0a0a0a0a0a0a0a0a0a0a0a0a0a0a0a0a0"
    }
}

dep "widget-b" {
    source {
        kind "registry"
        registry "tianguis"
        name "widget-b"
    }
    identity "dag-sha256:586de6a827d1d963067828605b4c5340d16089fcc84a2cb212cf5f6372bd321b"
    version "1.0.0"
    src_dir ""
    requires
    provenance {
        origin "observed"
        kind "git"
        url "https://example.com/widget-b.git"
        ref "v1.0.0"
        commit_sha "b0b0b0b0b0b0b0b0b0b0b0b0b0b0b0b0b0b0b0b0"
    }
}
