// generated by milpa; reproducible build snapshot
version 1
strategy "maxver"

dep "foo" {
    source {
        kind "git"
        url (url)"https://github.com/example/foo"
        ref "main"
    }
    identity "dag-sha256:e8d610490a16f414d317058a374d40c06f81dfbe46d09d9001b6f9c69dea9dbf"
    version "0.0.0"
    src_dir ""
    requires
    provenance {
        origin "observed"
        kind "git"
        url "https://github.com/example/foo.git"
        ref "main"
        commit_sha "2222222222222222222222222222222222222222"
    }
}

dep "t1" {
    source {
        kind "git"
        url (url)"https://example.com/t1"
        ref "main"
    }
    identity "dag-sha256:81109a7770fe539e0cd49489802fa64a522a447b9e996999f51c49df6ddd490e"
    version "0.0.0"
    src_dir ""
    requires "foo"
    provenance {
        origin "observed"
        kind "git"
        url "https://example.com/t1.git"
        ref "main"
        commit_sha "1111111111111111111111111111111111111111"
    }
}
