// generated by milpa; reproducible build snapshot
version 1
strategy "maxver"

dep "lib-a" {
    identity "dag-sha256:db56482117bcddc6a055156f5bef8de53f101fb1a9a7e7f85887ed0f92e9a573"
    version "1.0.0"
    src_dir ""
    requires
    active_flags "f1"
    provenance {
        origin "observed"
        kind "git"
        url "https://example.com/lib-a.git"
        ref "v1.0.0"
        commit_sha "aaaa2222aaaa2222aaaa2222aaaa2222aaaa2222"
    }
}
