// generated by milpa; reproducible build snapshot
version 1
strategy "maxver"

dep "lib-consumer" {
    identity "dag-sha256:4b54243fa8c3f525655cd157dd8408ae4ba88bcccd09afa7489359d89078106b"
    version "0.0.0"
    src_dir ""
    requires "lib-target"
    provenance {
        origin "observed"
        kind "git"
        url "https://example.com/lib-consumer.git"
        ref "main"
        commit_sha "eeee5555eeee5555eeee5555eeee5555eeee5555"
    }
}

dep "lib-enabler" {
    identity "dag-sha256:1ff1ebe826cb60dc0780235ccc7c444fe4992367d99c23b909f0314ed907a059"
    version "0.0.0"
    src_dir ""
    requires "lib-target"
    active_flags "enabler-flag"
    provenance {
        origin "observed"
        kind "git"
        url "https://example.com/lib-enabler.git"
        ref "main"
        commit_sha "ffff6666ffff6666ffff6666ffff6666ffff6666"
    }
}

dep "lib-end" {
    identity "dag-sha256:2fbe28e6dde1b7f20399d700d54607c62c73d689242b331c7d71662ed30bcf96"
    version "0.0.0"
    src_dir ""
    requires
    provenance {
        origin "observed"
        kind "git"
        url "https://example.com/lib-end.git"
        ref "main"
        commit_sha "8888bbbb8888bbbb8888bbbb8888bbbb8888bbbb"
    }
}

dep "lib-target" {
    identity "dag-sha256:0805547cea1e40609dcdb261ce5555535b58a1cb77120d2eee2a1a8fd4064b94"
    version "0.0.0"
    src_dir ""
    requires "lib-end"
    active_flags "feat-x" "feat-y"
    provenance {
        origin "observed"
        kind "git"
        url "https://example.com/lib-target.git"
        ref "main"
        commit_sha "7777aaaa7777aaaa7777aaaa7777aaaa7777aaaa"
    }
}
