// generated by milpa; reproducible build snapshot
version 1
strategy "maxver"

dep "lib-consumer" {
    identity "sha256:b8f9588e661ede97b7e4bcda01d4ac121979d279a60b6a0fce90558c85806d6f"
    version "0.0.1"
    src_dir ""
    requires "lib-target"
    provenance {
        origin "observed"
        kind "git"
        url "https://example.com/lib-consumer.git"
        ref "main"
        commit_sha "eeee5555eeee5555eeee5555eeee5555eeee5555"
    }
}

dep "lib-enabler" {
    identity "sha256:966153c4a61aed945600f17b8ec7c77bc7e475467f520b991125882db706c3ec"
    version "0.0.1"
    src_dir ""
    requires "lib-target"
    active_flags "enabler-flag"
    provenance {
        origin "observed"
        kind "git"
        url "https://example.com/lib-enabler.git"
        ref "main"
        commit_sha "ffff6666ffff6666ffff6666ffff6666ffff6666"
    }
}

dep "lib-end" {
    identity "sha256:fae64ab2a378f93e6e02b38da2db679d053f96d95da668cb9f536b67c5b12549"
    version "0.0.1"
    src_dir ""
    requires
    provenance {
        origin "observed"
        kind "git"
        url "https://example.com/lib-end.git"
        ref "main"
        commit_sha "8888bbbb8888bbbb8888bbbb8888bbbb8888bbbb"
    }
}

dep "lib-target" {
    identity "sha256:417f5f4e7cd9015749667262e5ccd9a17293064a76e5d2cbf2b8cfc99cd8221b"
    version "0.0.1"
    src_dir ""
    requires "lib-end"
    active_flags "feat-x" "feat-y"
    provenance {
        origin "observed"
        kind "git"
        url "https://example.com/lib-target.git"
        ref "main"
        commit_sha "7777aaaa7777aaaa7777aaaa7777aaaa7777aaaa"
    }
}
