// generated by milpa; reproducible build snapshot
version 1
strategy "maxver"

dep "foo" {
    identity "not-a-valid-multihash"
    version "0.0.1"
    src_dir ""
    requires
    provenance {
        origin "observed"
        kind "git"
        url "https://example.com/foo.git"
        ref "main"
    }
}
