// generated by milpa; reproducible build snapshot
version 1
strategy "maxver"

dep "bar" {
    identity "sha256:94103e1c378d5b8e034414bf69bfa128e780407aa36276f8b3dd395c1e9f4468"
    version "2.0.0"
    src_dir "src"
    requires
    dep_decl "sha256:8c2f20b957c5a16fe803caa5b0d3d4997b500549cae95d5716ded986d1c5ed22"
    provenance {
        origin "observed"
        kind "git"
        url "https://github.com/example/bar.git"
        ref "v2.0.0"
        commit_sha "cafef00dcafef00dcafef00dcafef00dcafef00d"
    }
}

dep "qux" {
    identity "sha256:89f8163a90b0fec08f2a59c502ecabc053d75fa53363aa7bb9f51c9c82abf654"
    version "1.0.0"
    src_dir "src"
    requires "bar"
    dep_decl "sha256:46c459ab1ed490eb7e5dd09fce8da6cc3e1a13d36fd2b71c264f276640b0b598"
    provenance {
        origin "observed"
        kind "git"
        url "https://github.com/example/qux.git"
        ref "v1.0.0"
        commit_sha "d00dd00dd00dd00dd00dd00dd00dd00dd00dd00d"
    }
}
