// generated by milpa; reproducible build snapshot
version 1
strategy "maxver"

dep "member-a" {
    identity "dag-sha256:a513528b050ae63b24de6664307bc3f2e9e8c7ab0cfd37b0f19507ac68453255"
    version "0.0.1"
    src_dir ""
    requires
    provenance {
        origin "observed"
        kind "member"
        name "member-a"
    }
}
