// generated by milpa; reproducible build snapshot
version 1
strategy "maxver"

dep "foo" {
    source {
        kind "tarball"
        url (url)"https://example.com/foo-real.tar.gz"
    }
    identity "dag-sha256:beece02d4fe6fa8c24c0e3c7b25afea86f8b1f2d932e6bdefde75802567cfd78"
    version "0.0.0"
    src_dir ""
    requires
    provenance {
        origin "observed"
        kind "tarball"
        url "https://example.com/foo-real.tar.gz"
        sha256 "bbbbbbbbbbbbbbbbbbbbbbbbbbbbbbbbbbbbbbbbbbbbbbbbbbbbbbbbbbbbbbbb"
    }
}
