// generated by milpa; reproducible build snapshot
version 1
strategy "maxver"

dep "member-a" {
    identity "dag-sha256:1ff103fe50c8bc79b6186c3ddddc0c7213e5bebf325b657ed10cc83436e5b90e"
    version "0.0.1"
    src_dir ""
    requires
    provenance {
        origin "observed"
        kind "member"
        name "member-a"
    }
}
