// generated by milpa; reproducible build snapshot
version 1
strategy "maxver"

dep "liba" {
    source {
        kind "member"
        name "liba"
    }
    identity "dag-sha256:4368dff7cd74dc6d84258d30a62a8825aff4b9e7a7b98126be2334588a1a1517"
    version "0.0.0"
    src_dir ""
    requires
    provenance {
        origin "observed"
        kind "member"
        name "liba"
    }
}

dep "libb" {
    source {
        kind "member"
        name "libb"
    }
    identity "dag-sha256:1542c5f9157ee96da0cd71a3dad62aafd996e9bbdd99eb75906d56f53ec07edb"
    version "0.0.0"
    src_dir ""
    requires
    provenance {
        origin "observed"
        kind "member"
        name "libb"
    }
}
