// generated by milpa; reproducible build snapshot
version 1
strategy "maxver"

dep "liba" {
    identity "dag-sha256:f136dfd3f071bc8b941a99235436138faeebba441dca8337c452b52c40258a55"
    version "0.0.1"
    src_dir ""
    requires
    provenance {
        origin "observed"
        kind "member"
        name "liba"
    }
}

dep "libb" {
    identity "dag-sha256:0925e52fac4feb724cd47a669748850ee3884cb08129e084e9ce8a2998b4bd07"
    version "0.0.1"
    src_dir ""
    requires
    provenance {
        origin "observed"
        kind "member"
        name "libb"
    }
}
