// generated by milpa; reproducible build snapshot
version 1
strategy "maxver"

dep "alpha" {
    identity "dag-sha256:c0a7ab3a75730cc355a17b84ecb761a8a4e66205b26bf694a607a21c500f0081"
    version "0.0.1"
    src_dir ""
    requires
    provenance {
        origin "observed"
        kind "git"
        url "https://example.com/alpha.git"
        ref "main"
        commit_sha "aaaa111111111111111111111111111111111111"
    }
}

dep "beta" {
    identity "dag-sha256:66e283fee5fd5111d05873eb0f278e93b6c6ebe653255470147b30dad1049969"
    version "0.0.1"
    src_dir ""
    requires
    provenance {
        origin "observed"
        kind "git"
        url "https://example.com/beta.git"
        ref "v1"
        commit_sha "bbbb222222222222222222222222222222222222"
    }
}

dep "lib-a" {
    identity "dag-sha256:2fffcacc210e607f08df7faa9aff721d0eedad49484509c17f82eec679ee6db0"
    version "0.0.1"
    src_dir ""
    requires "alpha"
    provenance {
        origin "observed"
        kind "member"
        name "lib-a"
    }
}

dep "lib-b" {
    identity "dag-sha256:58480fc78f0668b9eea54905402e374e3392d0323de9ecb5b9e499fc300c8093"
    version "0.0.1"
    src_dir ""
    requires "beta"
    provenance {
        origin "observed"
        kind "member"
        name "lib-b"
    }
}
