// generated by milpa; reproducible build snapshot
version 1
strategy "maxver"

dep "mylib" {
    identity "dag-sha256:985b34e3ec4338e0b3df86cbdc421840954ea53450d6466295b21637d2a9279e"
    version "0.0.1"
    src_dir ""
    requires
    provenance {
        origin "observed"
        kind "tarball"
        url "https://example.com/cross-transport.tar.gz"
        sha256 "6c7cbdd8cf85db553f0580ce8a52f8a7fe34ae17401f9792ff6673124d044c23"
    }
}
