// generated by milpa; reproducible build snapshot
version 1
strategy "maxver"

dep "foo" {
    identity "sha256:19f1b5dadf5a74f44e39f7403a519a8a560fbd61b97425d4ade643ee4a52fa59"
    version "0.0.1"
    src_dir "src"
    requires
    provenance {
        kind "git"
        url "https://github.com/example/foo.git"
        ref "v1\"x\\y"
        commit_sha "abcdef1234567890abcdef1234567890abcdef12"
    }
}
