// generated by milpa; reproducible build snapshot
version 1
strategy "maxver"

dep "foo" {
    identity "sha256:9b0826d01d3a53779145a445a0e3cbf8b3fd12c55d5d99a15c8a3700f00f1b4d"
    version "0.0.1"
    src_dir "src"
    requires
    aliases "bar"
    provenance {
        origin "observed"
        kind "git"
        url "https://example.com/foo.git"
        ref "main"
        commit_sha "deadbeef01"
    }
}
