// generated by milpa; reproducible build snapshot
version 1
strategy "maxver"

dep "bar" {
    source {
        kind "registry"
        registry "tianguis"
        name "bar"
    }
    identity "dag-sha256:655e0b180ae6ddf37882994a6d0316ba4e5fc99dabe1ee7ec54043b775a79718"
    version "1.0.0"
    src_dir "src"
    requires
    provenance {
        origin "observed"
        kind "git"
        url "https://example.com/bar.git"
        ref "v1.0.0"
        commit_sha "019e6731cfc10a566e1d1cd67a8b780f91999d50"
    }
}

dep "foo" {
    source {
        kind "registry"
        registry "tianguis"
        name "foo"
    }
    identity "dag-sha256:ee4c31f74ad165d9fe2086bbd1df183a50939b2f958face335e7a60fd44155c8"
    version "2.0.0"
    src_dir "src"
    requires
    provenance {
        origin "observed"
        kind "git"
        url "https://example.com/foo.git"
        ref "v2.0.0"
        commit_sha "e55b45cb1b203b7e8c6e5057bbae11c2978f38d0"
    }
}
