// generated by milpa; reproducible build snapshot
version 1
strategy "maxver"

dep "foo" {
    identity "dag-sha256:78590d7fc3fffdc52e4588782086e18ca910b8f0b1247f92c5ba8ef72d352f00"
    version "0.0.1"
    src_dir ""
    requires "ns1/baz"
    provenance {
        origin "observed"
        kind "git"
        url "https://example.com/foo.git"
        ref "main"
        commit_sha "dd1d0000dd1d0000dd1d0000dd1d0000dd1d0000"
    }
}

dep "baz" {
    namespace "ns1"
    identity "dag-sha256:b3ef94f6e0c78594f82f4002c4d3d92ff8342189eeb8776b8ed86c06edca50ac"
    version "1.0.0"
    src_dir "src"
    requires
    provenance {
        origin "observed"
        kind "git"
        url "https://github.com/ns1/baz.git"
        ref "v1.0.0"
        commit_sha "cccc0000cccc0000cccc0000cccc0000cccc0000"
    }
}
