// generated by milpa; reproducible build snapshot
version 1
strategy "maxver"

dep "foo" {
    identity "sha256:ab62aa70b1a24c49c93a2b2e97933c2d40705e4182467cd0603f594736cabd1b"
    version "0.0.1"
    src_dir ""
    requires "ns1/baz"
    provenance {
        origin "observed"
        kind "git"
        url "https://example.com/foo.git"
        ref "main"
        commit_sha "dd1d0000dd1d0000dd1d0000dd1d0000dd1d0000"
    }
}

dep "baz" {
    namespace "ns1"
    identity "sha256:ef697b08f76e85dfbf6ef62aeac70982d169f328461c0bafee32dcac12f1ce40"
    version "1.0.0"
    src_dir "src"
    requires
    provenance {
        origin "observed"
        kind "git"
        url "https://github.com/ns1/baz.git"
        ref "v1.0.0"
        commit_sha "cccc0000cccc0000cccc0000cccc0000cccc0000"
    }
}
