// generated by milpa; reproducible build snapshot
version 1
strategy "maxver"

dep "foo" {
    identity "sha256:c684cdfe20817472a8367adbd33d432ec204e07895c68330caf84c4f5a6b5bc7"
    version "0.0.1"
    src_dir "src"
    requires "nimcompat"
    cond-require "nimcompat" {
        when nim=">=1.4.0"
        when nim="<2.0.0"
    }
    provenance {
        kind "git"
        url "https://github.com/example/foo.git"
        ref "main"
        commit_sha "abcdef1234567890abcdef1234567890abcdef12"
    }
}

dep "nimcompat" {
    identity "sha256:268578a3a58fb8c03a54ff6c3809bd175f5b9304475735ee597f29b2b2d30142"
    version "0.0.1"
    src_dir "src"
    requires
    provenance {
        kind "git"
        url "https://github.com/example/nimcompat.git"
        ref "v1.0.0"
        commit_sha "deadbeef00000000000000000000000000000001"
    }
}
