// generated by milpa; reproducible build snapshot
version 1
strategy "maxver"

dep "foo" {
    source {
        kind "git"
        url (url)"https://github.com/example/foo"
        ref "main"
    }
    identity "dag-sha256:d836b59f29e0beaac8da4a12255872b087b3619a57d854ec47a6f793727028d0"
    version "1.0.0"
    declared_version_source "nimble"
    src_dir "src"
    requires "nimcompat"
    cond-require "nimcompat" {
        when nim=">=1.4.0"
        when nim="<2.0.0"
    }
    provenance {
        origin "observed"
        kind "git"
        url "https://github.com/example/foo.git"
        ref "main"
        commit_sha "abcdef1234567890abcdef1234567890abcdef12"
    }
}

dep "nimcompat" {
    source {
        kind "git"
        url (url)"https://github.com/example/nimcompat"
        ref "v1.0.0"
    }
    identity "dag-sha256:b21ffd6f8a429b45545b9c5dcfd0547201e1aa0a475076f2aa26495fa8daaa4d"
    version "1.0.0"
    declared_version_source "nimble"
    src_dir "src"
    requires
    provenance {
        origin "observed"
        kind "git"
        url "https://github.com/example/nimcompat.git"
        ref "v1.0.0"
        commit_sha "deadbeef00000000000000000000000000000001"
    }
}
