// generated by milpa; reproducible build snapshot
version 1
strategy "maxver"
dep "bar" {
    identity "dag-sha256:655e0b180ae6ddf37882994a6d0316ba4e5fc99dabe1ee7ec54043b775a79718"
    version "1.0.0"
    src_dir "src"
    requires
    provenance {
        origin "observed"
        kind "git"
        url "https://example.com/bar.git"
        ref "v1.0.0"
        commit_sha "019e6731cfc10a566e1d1cd67a8b780f91999d50"
    }
}

dep "foo" {
    identity "dag-sha256:a57d55f95814ec1b08cc0bbc0625d0d2f75be480360908942e5ccbf3df3237bb"
    version "1.0.0"
    src_dir "src"
    requires
    provenance {
        origin "observed"
        kind "git"
        url "https://example.com/foo.git"
        ref "v1.0.0"
        commit_sha "43cdb44f32e54bfb9b47d00f1a8f91c6daa1caf4"
    }
}
