// generated by milpa; reproducible build snapshot
version 1
strategy "maxver"

dep "crisol" {
    identity "dag-sha256:d255ceef55d812a9c81b8b4e4d5de728de2b96cabcfa004dd67aade676fa3a3e"
    version "1.0.0"
    src_dir ""
    requires
    provenance {
        origin "observed"
        kind "git"
        url "https://example.com/crisol.git"
        ref "v1.0.0"
        commit_sha "c1c1c1c1c1c1c1c1c1c1c1c1c1c1c1c1c1c1c1c1"
    }
}

dep "httputils" {
    identity "dag-sha256:3bda8d8ad4d926c04b5e9eeb5576c2fe59dc5d950dc8489478a664ef5a9811db"
    version "1.0.0"
    src_dir ""
    requires
    provenance {
        origin "observed"
        kind "git"
        url "https://example.com/httputils.git"
        ref "v1.0.0"
        commit_sha "a1a1a1a1a1a1a1a1a1a1a1a1a1a1a1a1a1a1a1a1"
    }
}

dep "member-a" {
    identity "dag-sha256:0f76c0f2aa992c2518e48b3aeee9602d2df07f361897fe9ab6e8c7da4a2855b7"
    version "0.0.0"
    src_dir ""
    requires "crisol"
    provenance {
        origin "observed"
        kind "member"
        name "member-a"
    }
}

dep "member-b" {
    identity "dag-sha256:0e8a5328d91c5c3beead0c97a7a0fcaab540d7ef3739f5590cff62ed6da7d223"
    version "0.0.0"
    src_dir ""
    requires "httputils"
    provenance {
        origin "observed"
        kind "member"
        name "member-b"
    }
}
