// generated by milpa; reproducible build snapshot
version 1
strategy "maxver"

dep "extra_a" {
    source {
        kind "git"
        url (url)"https://github.com/example/extra_a"
    }
    identity "dag-sha256:09bec745269cb05558daf4d56ec9501b084162faf10ff29b1b2f37ca6250e2e9"
    version "1.0.0"
    declared_version_source "nimble"
    src_dir "src"
    requires
    provenance {
        origin "observed"
        kind "git"
        url "https://github.com/example/extra_a.git"
        ref "v1.0.0"
        commit_sha "aaa0000000000000000000000000000000000001"
    }
}

dep "extra_b" {
    source {
        kind "git"
        url (url)"https://github.com/example/extra_b"
    }
    identity "dag-sha256:b161297126c2d8e56260c3c0b83a292269c1cd6adaf5c514bb6577d8cdd4ab13"
    version "1.0.0"
    declared_version_source "nimble"
    src_dir "src"
    requires
    provenance {
        origin "observed"
        kind "git"
        url "https://github.com/example/extra_b.git"
        ref "v1.0.0"
        commit_sha "bbb0000000000000000000000000000000000002"
    }
}

dep "extra_c" {
    source {
        kind "git"
        url (url)"https://github.com/example/extra_c"
    }
    identity "dag-sha256:d1b5504548065482e18f90b58cd089dd856c8be894f34c615bfdea6c7a0ebf7f"
    version "1.0.0"
    declared_version_source "nimble"
    src_dir "src"
    requires
    provenance {
        origin "observed"
        kind "git"
        url "https://github.com/example/extra_c.git"
        ref "v1.0.0"
        commit_sha "ccc0000000000000000000000000000000000003"
    }
}

dep "foo" {
    source {
        kind "git"
        url (url)"https://github.com/example/foo"
    }
    identity "dag-sha256:597979430eb387b963a932b093035cc0c04ffbee425966be19da201438950239"
    version "1.0.0"
    declared_version_source "nimble"
    src_dir "src"
    requires "extra_a" "extra_b" "extra_c"
    cond-require "extra_a" platform="linux"
    cond-require "extra_b" {
        when platform="macosx"
        when platform=(not)"linux"
    }
    cond-require "extra_c" {
        when platform=(not)"linux"
        when platform=(not)"macosx"
    }
    provenance {
        origin "observed"
        kind "git"
        url "https://github.com/example/foo.git"
        ref "main"
        commit_sha "abcdef1234567890abcdef1234567890abcdef12"
    }
}
