// generated by milpa; reproducible build snapshot
version 1
strategy "maxver"

dep "foo" {
    source {
        kind "git"
        url (url)"https://example.com/foo-OLD"
    }
    identity "dag-sha256:1111111111111111111111111111111111111111111111111111111111111111"
    version "1.0.0"
    src_dir ""
    requires
    provenance {
        origin "observed"
        kind "git"
        url "https://example.com/foo-OLD.git"
        ref "main"
        commit_sha "dddd0000000000000000000000000000000000d4"
    }
}
