// generated by milpa; reproducible build snapshot
version 1
strategy "maxver"

dep "bar" {
    namespace "ns1"
    identity "sha256:5859c6a82a7e188a8a85684e873de2f9352b81a6e11722f0f003f25a76acf7a1"
    version "1.0.0"
    src_dir "src"
    requires
    provenance {
        origin "observed"
        kind "git"
        url "https://github.com/ns1/bar.git"
        ref "v1.0.0"
        commit_sha "aaaa0000aaaa0000aaaa0000aaaa0000aaaa0000"
    }
}

dep "bar" {
    namespace "ns2"
    identity "sha256:09930ae60b7bac991a5602b905f841a3cdc2e0bbc7e88a7421a305b3c100a56e"
    version "2.0.0"
    src_dir "src"
    requires
    provenance {
        origin "observed"
        kind "git"
        url "https://github.com/ns2/bar.git"
        ref "v2.0.0"
        commit_sha "bbbb1111bbbb1111bbbb1111bbbb1111bbbb1111"
    }
}
