// generated by milpa; reproducible build snapshot
version 1
strategy "maxver"

dep "featurelib" {
    identity "dag-sha256:7eb987ad460a2a8aade9cde0781f8d914c11cbaf97e583aa9a0ddfbeb0f60d9f"
    version "0.0.1"
    src_dir ""
    requires
    provenance {
        origin "observed"
        kind "git"
        url "https://example.com/featurelib.git"
        ref "main"
        commit_sha "ccdd1111ccdd1111ccdd1111ccdd1111ccdd1111"
    }
}
