// generated by milpa; reproducible build snapshot
version 1
strategy "maxver"

dep "lib-b" {
    identity "sha256:3a1dbb31ffeb7881c610ed0705642e4344c66e5946467c94625d892ee3145ccd"
    version "0.0.1"
    src_dir ""
    requires "lib-c" "lib-d"
    active_flags "tls"
    provenance {
        origin "observed"
        kind "git"
        url "https://example.com/lib-b.git"
        ref "main"
        commit_sha "bbbb0000bbbb0000bbbb0000bbbb0000bbbb0000"
    }
}

dep "lib-c" {
    identity "sha256:bd73cb846e6b0da2af09cc500e766442b644b153ea9d485e54c920d765919ddf"
    version "0.0.1"
    src_dir ""
    requires
    provenance {
        origin "observed"
        kind "git"
        url "https://example.com/lib-c.git"
        ref "main"
        commit_sha "cccc0000cccc0000cccc0000cccc0000cccc0000"
    }
}

dep "lib-d" {
    identity "sha256:18875892108eae5740f360b6a24de5a1b98e880a3b25ab7787903b72f55544ef"
    version "0.0.1"
    src_dir ""
    requires
    provenance {
        origin "observed"
        kind "git"
        url "https://example.com/lib-d.git"
        ref "main"
        commit_sha "dddd0000dddd0000dddd0000dddd0000dddd0000"
    }
}
