// generated by milpa; reproducible build snapshot
version 1
strategy "maxver"

dep "lib-b" {
    source {
        kind "git"
        url (url)"https://example.com/lib-b"
    }
    identity "dag-sha256:19f6b92f7436a788397b6ab3c8db3786882342f09ce75ab2fffcc1e575a307f1"
    version "0.0.0"
    src_dir ""
    requires "lib-c" "lib-d"
    active_flags "tls"
    provenance {
        origin "observed"
        kind "git"
        url "https://example.com/lib-b.git"
        ref "main"
        commit_sha "bbbb0000bbbb0000bbbb0000bbbb0000bbbb0000"
    }
}

dep "lib-c" {
    source {
        kind "git"
        url (url)"https://example.com/lib-c"
    }
    identity "dag-sha256:d068e4fad5e68d5c8dc856fee72eaf08e7e7795bccd6c1afc6d74158f39f12be"
    version "0.0.0"
    src_dir ""
    requires
    provenance {
        origin "observed"
        kind "git"
        url "https://example.com/lib-c.git"
        ref "main"
        commit_sha "cccc0000cccc0000cccc0000cccc0000cccc0000"
    }
}

dep "lib-d" {
    source {
        kind "git"
        url (url)"https://example.com/lib-d"
    }
    identity "dag-sha256:1401b6b6c9e77ac36d04e04a47793fc68ba380543cf1ae0318a8345864df7df0"
    version "0.0.0"
    src_dir ""
    requires
    provenance {
        origin "observed"
        kind "git"
        url "https://example.com/lib-d.git"
        ref "main"
        commit_sha "dddd0000dddd0000dddd0000dddd0000dddd0000"
    }
}
