// HAND-EDITED — NOT machine-generated by `milpa fetch` (fixture-462, S7).
//
// Two entries, "pkg-a" and "pkg-b", recording DIFFERENT real (CAS-verified)
// content under DIFFERENT names — dep_dir_name differs, so S6's directory-
// slot floor does not fire. Both cas-seed/ trees' OWN milpa.kdl explicitly
// declares `provides { module "shared" }` (manifest_declared fidelity — the
// only tier the live production wiring hard-fails on today, see
// import_slot.live_symbol_provider's docstring) — this is the case S6
// structurally cannot see (two differently-named slots exporting the same
// declared module), which S7's symbol-level scan closes.
version 1
strategy "maxver"

dep "pkg-a" {
    identity "dag-sha256:553cdd51247f76acd7801a0fdfd623955679be5907c454bc8f12ec11b56a4229"
    version "0.0.1"
    src_dir ""
    requires
    provenance {
        origin "observed"
        kind "git"
        url "https://example.com/pkg-a.git"
        ref "main"
        commit_sha "1111111111111111111111111111111111111111"
    }
}

dep "pkg-b" {
    identity "dag-sha256:2d133cc7d304397e077c4396ee1ccd0de5030661fdd25d4ceb0cc6a465415bff"
    version "0.0.1"
    src_dir ""
    requires
    provenance {
        origin "observed"
        kind "git"
        url "https://example.com/pkg-b.git"
        ref "main"
        commit_sha "2222222222222222222222222222222222222222"
    }
}
