// generated by milpa; reproducible build snapshot
version 1
strategy "maxver"

dep "bearssl" {
    source {
        kind "registry"
        registry "tianguis"
        name "bearssl"
    }
    identity "dag-sha256:07eb3b0f3f1004831e73b25a888e40a6841d1f722935b5462b61f728d5280426"
    version "1.0.0"
    src_dir "src"
    requires
    provenance {
        origin "observed"
        kind "git"
        url "https://example.com/bearssl.git"
        ref "v1.0.0"
        commit_sha "96e07a78a8702872fccae5f575e19193545e57f3"
    }
}

dep "foo" {
    source {
        kind "git"
        url (url)"https://github.com/example/foo"
        ref "main"
    }
    identity "dag-sha256:43174efaf1fd8f6e9bd2ed405e124b7d1d4f30e3672afbfbb17986a7b8ee25a0"
    version "1.0.0"
    declared_version_source "nimble"
    src_dir "src"
    requires
    provenance {
        origin "observed"
        kind "git"
        url "https://github.com/example/foo.git"
        ref "main"
        commit_sha "abcdef1234567890abcdef1234567890abcdef12"
    }
}

dep "httputils" {
    source {
        kind "registry"
        registry "tianguis"
        name "httputils"
    }
    identity "dag-sha256:933ec8bdd2d022ec17ce6b0a18c9f7d68cec9f2bad6f8fa739abe52d6697c1d2"
    version "1.0.0"
    src_dir "src"
    requires
    provenance {
        origin "observed"
        kind "git"
        url "https://example.com/httputils.git"
        ref "v1.0.0"
        commit_sha "b38045b42353a89de9edbae4de4dc856ecedcd03"
    }
}
