// generated by milpa; reproducible build snapshot
version 1
strategy "maxver"
exclude_newer "2021-01-01T00:00:00Z"

dep "widget" {
    identity "dag-sha256:f7482da31f2e1f39317269b6dc4ff0c3c0d15ac7fd78f4235a2fc78767580361"
    version "1.0.0"
    declared_version_source "nimble"
    src_dir "src"
    requires
    provenance {
        origin "observed"
        kind "git"
        url "https://example.com/widget.git"
        ref "main"
        commit_sha "1111111111111111111111111111111111111111"
    }
}
