// generated by milpa; reproducible build snapshot
version 1
strategy "maxver"

dep "lib-a" {
    source {
        kind "git"
        url (url)"https://example.com/lib-a"
    }
    identity "dag-sha256:c0422c9a15c8131209b5e701edad7c353eb67912bb1c83469ee1de9565a13d9c"
    version "0.0.0"
    src_dir ""
    requires "lib-c" "lib-d"
    active_flags "http"
    provenance {
        origin "observed"
        kind "git"
        url "https://example.com/lib-a.git"
        ref "main"
        commit_sha "aaaa0000aaaa0000aaaa0000aaaa0000aaaa0000"
    }
}

dep "lib-c" {
    source {
        kind "git"
        url (url)"https://example.com/lib-c"
    }
    identity "dag-sha256:d068e4fad5e68d5c8dc856fee72eaf08e7e7795bccd6c1afc6d74158f39f12be"
    version "0.0.0"
    src_dir ""
    requires
    provenance {
        origin "observed"
        kind "git"
        url "https://example.com/lib-c.git"
        ref "main"
        commit_sha "cccc2222cccc2222cccc2222cccc2222cccc2222"
    }
}

dep "lib-d" {
    source {
        kind "git"
        url (url)"https://example.com/lib-d"
    }
    identity "dag-sha256:1401b6b6c9e77ac36d04e04a47793fc68ba380543cf1ae0318a8345864df7df0"
    version "0.0.0"
    src_dir ""
    requires
    provenance {
        origin "observed"
        kind "git"
        url "https://example.com/lib-d.git"
        ref "main"
        commit_sha "dddd3333dddd3333dddd3333dddd3333dddd3333"
    }
}
