// generated by milpa; reproducible build snapshot
version 1
strategy "maxver"

dep "lib-a" {
    identity "dag-sha256:cdfc64f323905e9aaeb0bde3caa37eff5f903fffc09470ae67c72f7b25c92928"
    version "0.0.1"
    src_dir ""
    requires "lib-c" "lib-d"
    active_flags "http"
    provenance {
        origin "observed"
        kind "git"
        url "https://example.com/lib-a.git"
        ref "main"
        commit_sha "aaaa0000aaaa0000aaaa0000aaaa0000aaaa0000"
    }
}

dep "lib-c" {
    identity "dag-sha256:bd73cb846e6b0da2af09cc500e766442b644b153ea9d485e54c920d765919ddf"
    version "0.0.1"
    src_dir ""
    requires
    provenance {
        origin "observed"
        kind "git"
        url "https://example.com/lib-c.git"
        ref "main"
        commit_sha "cccc2222cccc2222cccc2222cccc2222cccc2222"
    }
}

dep "lib-d" {
    identity "dag-sha256:18875892108eae5740f360b6a24de5a1b98e880a3b25ab7787903b72f55544ef"
    version "0.0.1"
    src_dir ""
    requires
    provenance {
        origin "observed"
        kind "git"
        url "https://example.com/lib-d.git"
        ref "main"
        commit_sha "dddd3333dddd3333dddd3333dddd3333dddd3333"
    }
}
