// generated by milpa; reproducible build snapshot
version 1
strategy "maxver"

dep "member-a" {
    identity "dag-sha256:851b662a693a403f02a950e159ca36c780ebee7fa5570527253df4f71d39c725"
    version "0.0.1"
    src_dir ""
    requires "translib"
    provenance {
        origin "observed"
        kind "member"
        name "member-a"
    }
}

dep "shared" {
    identity "dag-sha256:bf96b8218ab368e242f81123dd8de4d52bfc53a100f755737a08196d86f15b64"
    version "0.0.1"
    src_dir "src"
    requires
    provenance {
        origin "observed"
        kind "git"
        url "https://our-org.example.com/shared.git"
        ref "main"
        commit_sha "bbbb2222bbbb2222bbbb2222bbbb2222bbbb2222"
    }
}

dep "translib" {
    identity "dag-sha256:b94cfc14af5c41b17dfbdff88d9bc521b353bde49cc04f3e945900f73f8d28d9"
    version "0.0.1"
    src_dir "src"
    requires "shared"
    provenance {
        origin "observed"
        kind "git"
        url "https://example.com/translib.git"
        ref "main"
        commit_sha "aaaa1111aaaa1111aaaa1111aaaa1111aaaa1111"
    }
}
