// generated by milpa; reproducible build snapshot
version 1
strategy "maxver"

dep "member-a" {
    identity "sha256:cdef683e0bd25a55d77f890fe157c51dd193a3c3d31dbc30a6692b441889366a"
    version "0.0.1"
    src_dir ""
    requires "translib"
    provenance {
        origin "observed"
        kind "member"
        name "member-a"
    }
}

dep "shared" {
    identity "sha256:9b0826d01d3a53779145a445a0e3cbf8b3fd12c55d5d99a15c8a3700f00f1b4d"
    version "0.0.1"
    src_dir "src"
    requires
    provenance {
        origin "observed"
        kind "git"
        url "https://our-org.example.com/shared.git"
        ref "main"
        commit_sha "bbbb2222bbbb2222bbbb2222bbbb2222bbbb2222"
    }
}

dep "translib" {
    identity "sha256:a7e53c6e057d3cfdca8b97bf7ad1a5c362a126c8dbd53104b259989dbf532050"
    version "0.0.1"
    src_dir "src"
    requires "shared"
    provenance {
        origin "observed"
        kind "git"
        url "https://example.com/translib.git"
        ref "main"
        commit_sha "aaaa1111aaaa1111aaaa1111aaaa1111aaaa1111"
    }
}
