// generated by milpa; reproducible build snapshot
version 1
strategy "maxver"
exclude_newer "2026-01-01T00:00:00Z"

dep "widget" {
    source {
        kind "git"
        url (url)"https://example.com/widget"
    }
    identity "dag-sha256:716a763dd3da756f6a9098fb4f09cf6041a24977b366825634ab50efeabd7207"
    version "1.0.0"
    declared_version_source "nimble"
    src_dir "src"
    requires
    provenance {
        origin "observed"
        kind "git"
        url "https://example.com/widget.git"
        ref "v1.0.0"
        commit_sha "dddddddddddddddddddddddddddddddddddddddd"
    }
}
