// generated by milpa; reproducible build snapshot
version 1
strategy "maxver"

dep "bar" {
    identity "sha256:94103e1c378d5b8e034414bf69bfa128e780407aa36276f8b3dd395c1e9f4468"
    version "2.0.0"
    src_dir "src"
    requires
    dep_decl "sha256:8c2f20b957c5a16fe803caa5b0d3d4997b500549cae95d5716ded986d1c5ed22"
    provenance {
        origin "observed"
        kind "git"
        url "https://github.com/example/bar.git"
        ref "v2.0.0"
        commit_sha "cafef00dcafef00dcafef00dcafef00dcafef00d"
    }
}

dep "extra" {
    identity "sha256:2689ab5d202e9403c19c6f8b1488c746ad755e16e16d165537390eae192688b4"
    version "1.0.0"
    src_dir "src"
    requires
    dep_decl "sha256:8c2f20b957c5a16fe803caa5b0d3d4997b500549cae95d5716ded986d1c5ed22"
    provenance {
        origin "observed"
        kind "git"
        url "https://github.com/example/extra.git"
        ref "v1.0.0"
        commit_sha "beefbeefbeefbeefbeefbeefbeefbeefbeefbeef"
    }
}

dep "qux" {
    identity "sha256:82240c317c9071f232849a5e525eb27c1e8113d05fa1db02da6f690652f0e279"
    version "1.0.0"
    src_dir "src"
    requires "bar" "extra"
    cond-require "extra" platform="linux"
    provenance {
        origin "observed"
        kind "git"
        url "https://github.com/example/qux.git"
        ref "v1.0.0"
        commit_sha "d00dd00dd00dd00dd00dd00dd00dd00dd00dd00d"
    }
}
