// generated by milpa; reproducible build snapshot
version 1
strategy "maxver"

dep "foo" {
    identity "dag-sha256:5e18284057c77cd81d870f4d08c2871c4f89178eaf0fcf9c4058fd734b5bbedb"
    version "0.0.0"
    src_dir "src"
    requires
    provenance {
        origin "observed"
        kind "git"
        url "https://example.com/foo.git"
        ref "main"
        commit_sha "f00df00df00df00df00df00df00df00df00df00d"
    }
}

dep "pkg" {
    identity "dag-sha256:a422c80f4b1ddcc5338030efe1d492b9e4a67fb7f0a3513e7fdfabf757fa9392"
    version "0.0.0"
    src_dir "src"
    requires "foo"
    provenance {
        origin "observed"
        kind "git"
        url "https://example.com/pkg.git"
        ref "main"
        commit_sha "beefbeefbeefbeefbeefbeefbeefbeefbeefbeef"
    }
}
