// generated by milpa; reproducible build snapshot
version 1
strategy "maxver"

dep "foo" {
    identity "sha256:509a2139161d0c08b55a3215762b43a3691f8fab90befdc97679dc65ac4ab58d"
    version "0.0.1"
    src_dir "src"
    requires
    provenance {
        kind "git"
        url "https://example.com/foo.git"
        ref "main"
        commit_sha "f00df00df00df00df00df00df00df00df00df00d"
    }
}

dep "pkg" {
    identity "sha256:ce36a2edc01f748300a4a5a6f049f16bc75892d359dd16885be4a158a56f001b"
    version "0.0.1"
    src_dir "src"
    requires "foo"
    provenance {
        kind "git"
        url "https://example.com/pkg.git"
        ref "main"
        commit_sha "beefbeefbeefbeefbeefbeefbeefbeefbeefbeef"
    }
}
