// generated by milpa; reproducible build snapshot
version 1
strategy "maxver"

dep "alpha" {
    source {
        kind "registry"
        registry "tianguis"
        name "alpha"
    }
    identity "dag-sha256:a45affd9fa338aca315d49ffde89e8130370d3469b22463487f9c847ad8f893e"
    version "1.0.0"
    src_dir ""
    requires
    provenance {
        origin "observed"
        kind "git"
        url "https://example.com/alpha.git"
        ref "v1.0.0"
        commit_sha "bb00000000000000000000000000000000000001"
    }
}

dep "shared" {
    source {
        kind "registry"
        registry "tianguis"
        name "shared"
    }
    identity "dag-sha256:2fbea98a2fc92632e18552c2fa9013ff70955faee2d5652d39a67d1ac444b063"
    version "1.0.0"
    src_dir ""
    requires
    provenance {
        origin "observed"
        kind "git"
        url "https://example.com/shared.git"
        ref "v1.0.0"
        commit_sha "cc00000000000000000000000000000000000001"
    }
}

dep "zeta" {
    source {
        kind "registry"
        registry "tianguis"
        name "zeta"
    }
    identity "dag-sha256:dc97e948d6e482126d156a53f326c54ce82872f2798b7f066d842d25f4817bd0"
    version "2.0.0"
    src_dir ""
    requires "shared"
    provenance {
        origin "observed"
        kind "git"
        url "https://example.com/zeta.git"
        ref "v2.0.0"
        commit_sha "aa00000000000000000000000000000000000002"
    }
}
