// generated by milpa; reproducible build snapshot
version 1
strategy "maxver"

dep "bar" {
    identity "dag-sha256:1902ed126344702d13e9323974de0840ca20483e0bef0bc5b1078890481970ef"
    version "1.0.0"
    src_dir "src"
    requires
    provenance {
        origin "observed"
        kind "git"
        url "https://github.com/example/bar.git"
        ref "v1.0.0"
        commit_sha "beeff00dbeeff00dbeeff00dbeeff00dbeeff00d"
    }
}
