// generated by milpa; reproducible build snapshot
version 1
strategy "maxver"

dep "bar" {
    identity "sha256:0000000000000000000000000000000000000000000000000000000000000001"
    version "not-a-version"
    src_dir ""
    requires
    provenance {
        kind "git"
        url "https://github.com/example/bar.git"
        ref "v1.0.0"
    }
}
