// generated by milpa; reproducible build snapshot
version 1
strategy "maxver"

dep "bar" {
    namespace "ns/../../outside"
    identity "dag-sha256:5859c6a82a7e188a8a85684e873de2f9352b81a6e11722f0f003f25a76acf7a1"
    version "1.0.0"
    src_dir "src"
    requires
    provenance {
        origin "observed"
        kind "git"
        url "https://github.com/example/bar.git"
        ref "v1.0.0"
        commit_sha "aaaa0000aaaa0000aaaa0000aaaa0000aaaa0000"
    }
}
