// generated by milpa; reproducible build snapshot
version 1
strategy "maxver"

dep "lib-a" {
    identity "sha256:e4b9b3a1e68aff9b5d828d9d6f627c87df8cb480c1b824f51d71a37eeadf6a09"
    version "0.0.1"
    src_dir ""
    requires "lib-b"
    active_flags "feat"
    provenance {
        origin "observed"
        kind "git"
        url "https://example.com/lib-a.git"
        ref "main"
        commit_sha "aaaa0000aaaa0000aaaa0000aaaa0000aaaa0000"
    }
}

dep "lib-b" {
    identity "sha256:813dfc57bb115748beb2b6bfcc3cb9c225baac6cd441f9485f61bab0bfc26f9e"
    version "0.0.1"
    src_dir ""
    requires "lib-c"
    active_flags "extra"
    provenance {
        origin "observed"
        kind "git"
        url "https://example.com/lib-b.git"
        ref "main"
        commit_sha "bbbb0000bbbb0000bbbb0000bbbb0000bbbb0000"
    }
}

dep "lib-c" {
    identity "sha256:bd73cb846e6b0da2af09cc500e766442b644b153ea9d485e54c920d765919ddf"
    version "0.0.1"
    src_dir ""
    requires
    provenance {
        origin "observed"
        kind "git"
        url "https://example.com/lib-c.git"
        ref "main"
        commit_sha "cccc0000cccc0000cccc0000cccc0000cccc0000"
    }
}
