// generated by milpa; reproducible build snapshot
version 1
strategy "maxver"

dep "lib-a" {
    source {
        kind "git"
        url (url)"https://example.com/lib-a"
    }
    identity "dag-sha256:5d2cabbdad9cbfee31836d47e5aa45c59147544b8db4abbcaa8aa9c632cea3c6"
    version "0.0.0"
    src_dir ""
    requires "lib-b"
    active_flags "feat"
    provenance {
        origin "observed"
        kind "git"
        url "https://example.com/lib-a.git"
        ref "main"
        commit_sha "aaaa0000aaaa0000aaaa0000aaaa0000aaaa0000"
    }
}

dep "lib-b" {
    source {
        kind "git"
        url (url)"https://example.com/lib-b"
    }
    identity "dag-sha256:ec90c3d26265a1765c82a3a387b04f310a18f25aa0bee33e5301d67cb972e345"
    version "0.0.0"
    src_dir ""
    requires "lib-c"
    active_flags "extra"
    provenance {
        origin "observed"
        kind "git"
        url "https://example.com/lib-b.git"
        ref "main"
        commit_sha "bbbb0000bbbb0000bbbb0000bbbb0000bbbb0000"
    }
}

dep "lib-c" {
    source {
        kind "git"
        url (url)"https://example.com/lib-c"
    }
    identity "dag-sha256:d068e4fad5e68d5c8dc856fee72eaf08e7e7795bccd6c1afc6d74158f39f12be"
    version "0.0.0"
    src_dir ""
    requires
    provenance {
        origin "observed"
        kind "git"
        url "https://example.com/lib-c.git"
        ref "main"
        commit_sha "cccc0000cccc0000cccc0000cccc0000cccc0000"
    }
}
