// generated by milpa; reproducible build snapshot
version 1
strategy "maxver"

dep "lib-childless" {
    identity "dag-sha256:f30779e561d82df8f15d15f057ae1ccd2eb8baf049f17c465493ba9a69c6cfc1"
    version "0.0.0"
    src_dir ""
    requires
    active_flags "http"
    provenance {
        origin "observed"
        kind "git"
        url "https://example.com/lib-childless.git"
        ref "main"
        commit_sha "b2b2b2b2b2b2b2b2b2b2b2b2b2b2b2b2b2b2b2b2"
    }
}

dep "lib-ssl" {
    identity "dag-sha256:5c7a370b8010971e302041c373cf0ca5d037efaae83da9122585125bf4ccf37f"
    version "0.0.0"
    src_dir ""
    requires
    active_flags "tls"
    provenance {
        origin "observed"
        kind "git"
        url "https://example.com/lib-ssl.git"
        ref "main"
        commit_sha "a1a1a1a1a1a1a1a1a1a1a1a1a1a1a1a1a1a1a1a1"
    }
}
