// generated by milpa; reproducible build snapshot
version 1
strategy "maxver"

dep "lib-childless" {
    identity "sha256:b423e45b0751029cb485b8c9fdc687e0fae8ba4a06ee144b912ee29e766ec6e4"
    version "0.0.1"
    src_dir ""
    requires
    active_flags "http"
    provenance {
        origin "observed"
        kind "git"
        url "https://example.com/lib-childless.git"
        ref "main"
        commit_sha "b2b2b2b2b2b2b2b2b2b2b2b2b2b2b2b2b2b2b2b2"
    }
}

dep "lib-ssl" {
    identity "sha256:16b789bc2217369e41d30286fe50029116e5b6a0f2a82039e7e11e03cd506e3a"
    version "0.0.1"
    src_dir ""
    requires
    active_flags "tls"
    provenance {
        origin "observed"
        kind "git"
        url "https://example.com/lib-ssl.git"
        ref "main"
        commit_sha "a1a1a1a1a1a1a1a1a1a1a1a1a1a1a1a1a1a1a1a1"
    }
}
