// generated by milpa; reproducible build snapshot
version 1
strategy "maxver"

dep "foo" {
    identity "sha256:a1e5adf673db945ef4fd8def4ab5e0c753c2c831323907fd894712d2c46c4ba3"
    version "0.0.1"
    src_dir "src"
    requires
    provenance {
        origin "declared"
        kind "git"
        url "https://mirror.example.com/foo.git"
        ref "main"
    }
    provenance {
        origin "observed"
        kind "git"
        url "https://github.com/example/foo.git"
        ref "main"
        commit_sha "abcdef1234567890abcdef1234567890abcdef12"
    }
}
