// generated by milpa; reproducible build snapshot
version 1
strategy "maxver"

dep "bar" {
    source {
        kind "registry"
        registry "tianguis"
        namespace "ns1"
        name "bar"
    }
    identity "dag-sha256:9497672a6e7b5af95064d5709cd2a7a0b6ccd07a209fd541eb1402dc7a9e0383"
    version "2.0.0"
    src_dir "src"
    requires
    attestation {
        kind "author-signed"
        signer "alice"
        bundle sha256="83b02ec95c17c2c0a315086acebabe7bad60a9a36b6d2a7d677f193d1b92ef47"
        namespace "ns1"
    }
    provenance {
        origin "observed"
        kind "git"
        url "https://github.com/example/bar.git"
        ref "v2.0.0"
        commit_sha "cafef00dcafef00dcafef00dcafef00dcafef00d"
    }
}
