// generated by milpa; reproducible build snapshot
version 1
strategy "maxver"

dep "alpha" {
    source {
        kind "member"
        name "alpha"
    }
    identity "dag-sha256:d6b62be28feb849eb6acfec384d5c78f6a285650e75d3af017c60dcc60b6f31d"
    version "0.0.0"
    src_dir "src"
    requires "netlib"
    provenance {
        origin "observed"
        kind "member"
        name "alpha"
    }
}

dep "beta" {
    source {
        kind "member"
        name "beta"
    }
    identity "dag-sha256:6585124f67315b9b0135a3623dbb20e1e8870a4efc72f8ab80c9d8ba737dcb0a"
    version "0.0.0"
    src_dir "src"
    requires "netlib"
    provenance {
        origin "observed"
        kind "member"
        name "beta"
    }
}

dep "netlib" {
    source {
        kind "registry"
        registry "tianguis"
        name "netlib"
    }
    identity "dag-sha256:99a13dd69f969cf9296046a89c3d747e5b48c7807ff35f61aea6956c9e744cab"
    version "1.0.0"
    src_dir ""
    requires
    active_flags "tls"
    provenance {
        origin "observed"
        kind "git"
        url "https://github.com/example/netlib.git"
        ref "v1.0.0"
        commit_sha "dddd1111dddd1111dddd1111dddd1111dddd1111"
    }
}
