// generated by milpa; reproducible build snapshot
version 1
strategy "maxver"

dep "X" {
    identity "dag-sha256:f511242911fd63eb7619d09449d39dcdf02223f14c85599e4a9737db91260703"
    version "2.0.0"
    src_dir "src"
    requires "Z"
    provenance {
        origin "observed"
        kind "git"
        url "https://example.com/X.git"
        ref "v2.0.0"
        commit_sha "aa00000000000000000000000000000000000002"
    }
}

dep "Y" {
    identity "dag-sha256:33e252d12a22a2ef8b1e74bb6c42c969e20467edd73d78cbc9b738e730be5aac"
    version "1.0.0"
    src_dir "src"
    requires
    provenance {
        origin "observed"
        kind "git"
        url "https://example.com/Y.git"
        ref "v1.0.0"
        commit_sha "bb00000000000000000000000000000000000001"
    }
}

dep "Z" {
    identity "dag-sha256:7ba2fefabe70eeb6a088ddc085fe8509ab7a4c7f7fff898969dba7829e906682"
    version "1.0.0"
    src_dir "src"
    requires
    provenance {
        origin "observed"
        kind "git"
        url "https://example.com/Z.git"
        ref "v1.0.0"
        commit_sha "cc00000000000000000000000000000000000001"
    }
}
