// generated by milpa; reproducible build snapshot
version 1
strategy "maxver"

dep "member-a" {
    identity "sha256:3928b7c1aaf7e0b14e4f304dfd6702f876cc0993a203d619df5b19215009bf5b"
    version "0.0.1"
    src_dir ""
    requires
    provenance {
        origin "observed"
        kind "member"
        name "member-a"
    }
}
