// generated by milpa; reproducible build snapshot
version 1
strategy "maxver"

dep "bar" {
    identity "sha256:94103e1c378d5b8e034414bf69bfa128e780407aa36276f8b3dd395c1e9f4468"
    version "2.0.0"
    src_dir "src"
    requires
    provenance {
        origin "observed"
        kind "git"
        url "https://github.com/example/bar.git"
        ref "v2.0.0"
        commit_sha "cafef00dcafef00dcafef00dcafef00dcafef00d"
    }
}
