// generated by milpa; reproducible build snapshot
version 1
strategy "maxver"

dep "lib-a" {
    identity "dag-sha256:8a812ba338baa93924ae55b887c735a89ac2bcca1d452e3e572ccf5f38912f9b"
    version "0.0.1"
    src_dir ""
    requires
    provenance {
        origin "observed"
        kind "git"
        url "https://example.com/lib-a.git"
        ref "main"
        commit_sha "aa1a0000aa1a0000aa1a0000aa1a0000aa1a0000"
    }
}

dep "main-lib" {
    identity "dag-sha256:3f260f54523f554042fc32884dc93dc7f22b07753440bfeb3888bb52e39763b9"
    version "0.0.1"
    src_dir ""
    requires "lib-a"
    provenance {
        origin "observed"
        kind "git"
        url "https://example.com/main-lib.git"
        ref "main"
        commit_sha "bb2b0000bb2b0000bb2b0000bb2b0000bb2b0000"
    }
}
