// generated by milpa; reproducible build snapshot
version 1
strategy "maxver"

dep "lib-a" {
    identity "sha256:a820cbd632bc74f5827d34053cbfbba5248b17b6b366ed0e79f952335d9a81ed"
    version "0.0.1"
    src_dir ""
    requires
    provenance {
        origin "observed"
        kind "git"
        url "https://example.com/lib-a.git"
        ref "main"
        commit_sha "aa1a0000aa1a0000aa1a0000aa1a0000aa1a0000"
    }
}

dep "main-lib" {
    identity "sha256:9b56ff266e3790d9122f8cd93cc2d4b584001e0e211841cd45bc7b2b3e453cc9"
    version "0.0.1"
    src_dir ""
    requires "lib-a"
    provenance {
        origin "observed"
        kind "git"
        url "https://example.com/main-lib.git"
        ref "main"
        commit_sha "bb2b0000bb2b0000bb2b0000bb2b0000bb2b0000"
    }
}
