// HAND-EDITED — NOT machine-generated by `milpa fetch` (fixture-459, S6).
//
// Two "foo" entries recording DIFFERENT real (CAS-verified) content under the
// identical name — a state a real resolve can never reach (BindingResolver
// already refuses two origins under one label pre-fetch), but nothing a
// hand-edited or future-corrupted lockfile is prevented from containing
// before S6. Both identities are backed by real cas-seed/ content, so this
// exercises the actual "different content_hash" raise path (§4.6) — not the
// missing-identity case.
version 1
strategy "maxver"

dep "foo" {
    identity "dag-sha256:d140733c803c811a4caccdfc883b8a4df4fff299265da286f93f0c5c9cac5ece"
    version "0.0.1"
    src_dir "src"
    requires
    provenance {
        origin "observed"
        kind "git"
        url "https://example.com/foo.git"
        ref "main"
        commit_sha "1111111111111111111111111111111111111111"
    }
}

dep "foo" {
    identity "dag-sha256:af59d24077dd9408320b5f63e3a2a3c43aad0ffa369259f4034ab09197a4e91a"
    version "0.0.1"
    src_dir "src"
    requires
    provenance {
        origin "observed"
        kind "git"
        url "https://example.com/foo-other.git"
        ref "main"
        commit_sha "2222222222222222222222222222222222222222"
    }
}
