// generated by milpa; reproducible build snapshot
version 1
strategy "lowest-direct"

dep "direct" {
    identity "dag-sha256:61d087c1f6aae57d22bf07b6d3d600a4d2a9faedb1cbfddcffc88b57c086165e"
    version "1.0.0"
    src_dir "src"
    requires "transitive"
    provenance {
        origin "observed"
        kind "git"
        url "https://example.com/direct.git"
        ref "v1.0.0"
        commit_sha "1111111111111111111111111111111111111111"
    }
}

dep "transitive" {
    identity "dag-sha256:ac6d93f4f1a2e23e6c19db5ccaba1c9a49baac62dc482c909f88180f0ddfc41d"
    version "2.0.0"
    src_dir "src"
    requires
    provenance {
        origin "observed"
        kind "git"
        url "https://example.com/transitive.git"
        ref "v2.0.0"
        commit_sha "2222222222222222222222222222222222222222"
    }
}
