// generated by milpa; reproducible build snapshot
version 1
strategy "maxver"

dep "bar" {
    identity "sha256:171283ca9eca918680cb88b2fb4ab3f4f724c41d0e5ec59cc130e3a2d92c52b8"
    version "2.0.0"
    src_dir "src"
    requires
    dep_decl "sha256:8c2f20b957c5a16fe803caa5b0d3d4997b500549cae95d5716ded986d1c5ed22"
    provenance {
        kind "git"
        url "https://github.com/example/bar.git"
        ref "v2.0.0"
        commit_sha "cafef00dcafef00dcafef00dcafef00dcafef00d"
    }
}
