// generated by milpa; reproducible build snapshot
version 1
strategy "maxver"

dep "lib-b" {
    identity "dag-sha256:97758f23c28d05e720b62608d658b54977cfafb206c7a81c23ce5498d0dbb7ee"
    version "0.0.1"
    src_dir ""
    requires "lib-c"
    active_flags "g1"
    provenance {
        origin "observed"
        kind "git"
        url "https://example.com/lib-b.git"
        ref "main"
        commit_sha "bbbb1111bbbb1111bbbb1111bbbb1111bbbb1111"
    }
}

dep "lib-c" {
    identity "dag-sha256:bd73cb846e6b0da2af09cc500e766442b644b153ea9d485e54c920d765919ddf"
    version "0.0.1"
    src_dir ""
    requires
    provenance {
        origin "observed"
        kind "git"
        url "https://example.com/lib-c.git"
        ref "main"
        commit_sha "cccc1111cccc1111cccc1111cccc1111cccc1111"
    }
}

dep "member-a" {
    identity "dag-sha256:eab8947c6f1cf7591d1cf9b52c0a6b65457ffeeffa3f13ed605970840584584e"
    version "0.0.1"
    src_dir ""
    requires "lib-b"
    provenance {
        origin "observed"
        kind "member"
        name "member-a"
    }
}
