// generated by milpa; reproducible build snapshot
version 1
strategy "maxver"

dep "lib-b" {
    identity "dag-sha256:4883c1512a6937da985030ee1a39defc9738ecd2667dccce682a6a11480c69a6"
    version "0.0.1"
    src_dir ""
    requires "lib-c"
    active_flags "g1"
    provenance {
        origin "observed"
        kind "git"
        url "https://example.com/lib-b.git"
        ref "main"
        commit_sha "bbbb1111bbbb1111bbbb1111bbbb1111bbbb1111"
    }
}

dep "lib-c" {
    identity "dag-sha256:d068e4fad5e68d5c8dc856fee72eaf08e7e7795bccd6c1afc6d74158f39f12be"
    version "0.0.1"
    src_dir ""
    requires
    provenance {
        origin "observed"
        kind "git"
        url "https://example.com/lib-c.git"
        ref "main"
        commit_sha "cccc1111cccc1111cccc1111cccc1111cccc1111"
    }
}

dep "member-a" {
    identity "dag-sha256:8b73d3f7d0ec603046862d8122866bef2c6cb13d2fd23fe782c2134de2184fa0"
    version "0.0.1"
    src_dir ""
    requires "lib-b"
    provenance {
        origin "observed"
        kind "member"
        name "member-a"
    }
}
