// generated by milpa; reproducible build snapshot
version 1
strategy "maxver"

dep "devtool" {
    source {
        kind "git"
        url (url)"https://example.com/devtool"
    }
    identity "dag-sha256:89087811956a01bbdbbb1cca1761b294a5f2369715cd8c0864ee9f6a4f02f16e"
    version "0.0.0"
    src_dir ""
    requires
    provenance {
        origin "observed"
        kind "git"
        url "https://example.com/devtool.git"
        ref "main"
        commit_sha "dd11000000000000000000000000000000000001"
    }
}

dep "extlib" {
    source {
        kind "git"
        url (url)"https://example.com/extlib"
    }
    identity "dag-sha256:3af28f998d8f9614a60c6fc37e0c08299cd4a06c843a01c88d7a82f9c6d8a704"
    version "0.0.0"
    src_dir ""
    requires
    provenance {
        origin "observed"
        kind "git"
        url "https://example.com/extlib.git"
        ref "main"
        commit_sha "ee11000000000000000000000000000000000001"
    }
}

dep "member-a" {
    source {
        kind "member"
        name "member-a"
    }
    identity "dag-sha256:9831e2cafc53cbc3d76f67c44121ac07303b2d8b4c92e26f65ceb3f352e3cbb5"
    version "0.0.0"
    src_dir ""
    requires "devtool" "extlib"
    provenance {
        origin "observed"
        kind "member"
        name "member-a"
    }
}

dep "member-b" {
    source {
        kind "member"
        name "member-b"
    }
    identity "dag-sha256:99e90d3f0a73eceb976174c550c06ee14b7510022cf16e70efd9cafff97e8bc6"
    version "0.0.0"
    src_dir ""
    requires "member-a" "testhelper"
    provenance {
        origin "observed"
        kind "member"
        name "member-b"
    }
}

dep "testhelper" {
    source {
        kind "git"
        url (url)"https://example.com/testhelper"
    }
    identity "dag-sha256:213ada61d29c6c2d450b66c012aa3b9addc8e18c69a300343e512cf561925174"
    version "0.0.0"
    src_dir ""
    requires
    provenance {
        origin "observed"
        kind "git"
        url "https://example.com/testhelper.git"
        ref "main"
        commit_sha "ee33000000000000000000000000000000000001"
    }
}
