// generated by milpa; reproducible build snapshot
version 1
strategy "maxver"

dep "foo" {
    identity "dag-sha256:63de8e4297b8833e28dd4344c3fc3e6616689fd010659715cba8ecdf87ec67c1"
    version "9.9.9"
    declared_version_source "tag"
    src_dir ""
    requires
    provenance {
        origin "observed"
        kind "git"
        url "https://registry.example.com/foo.git"
        ref "v9.9.9"
        commit_sha "1111111111111111111111111111111111111111"
    }
}

dep "wrapa" {
    identity "dag-sha256:728f303dc54ae945b1508e29d6d9306c8c059ced99994aa327cdd4237c1e7c15"
    version "0.0.0"
    src_dir ""
    requires "foo"
    provenance {
        origin "observed"
        kind "git"
        url "https://example.com/wrapa.git"
        ref "main"
        commit_sha "a1a1a1a1a1a1a1a1a1a1a1a1a1a1a1a1a1a1a1a1"
    }
}

dep "wrapb" {
    identity "dag-sha256:b5ff248ee3113354e56cdc5f0d81971d504c7ad9f1e9833e053cb3408c72922a"
    version "0.0.0"
    src_dir ""
    requires "wrapb2"
    provenance {
        origin "observed"
        kind "git"
        url "https://example.com/wrapb.git"
        ref "main"
        commit_sha "b1b1b1b1b1b1b1b1b1b1b1b1b1b1b1b1b1b1b1b1"
    }
}

dep "wrapb2" {
    identity "dag-sha256:d9cbfc318a81cfc291dae1cb9b701d3debe40c0e06868c1e6fbbdc2458a3d0f7"
    version "0.0.0"
    src_dir ""
    requires "foo"
    provenance {
        origin "observed"
        kind "git"
        url "https://example.com/wrapb2.git"
        ref "main"
        commit_sha "c1c1c1c1c1c1c1c1c1c1c1c1c1c1c1c1c1c1c1c1"
    }
}
