// generated by milpa; reproducible build snapshot
version 1
strategy "maxver"

dep "bar" {
    namespace "ns1"
    identity "dag-sha256:69de9e0caa711713027881b3e947be025ed76188b863620e815c7b9e86a80f8a"
    version "1.0.0"
    src_dir "src"
    requires
    provenance {
        origin "observed"
        kind "git"
        url "https://github.com/ns1/bar.git"
        ref "v1.0.0"
        commit_sha "aaaa0000aaaa0000aaaa0000aaaa0000aaaa0000"
    }
}
