// generated by milpa; reproducible build snapshot
version 1
strategy "maxver"

dep "bearssl" {
    source {
        kind "git"
        url (url)"https://example.com/bearssl"
        ref "v1"
    }
    identity "dag-sha256:9d8906849a43f65bc12697fbceeaaffcec6e29fd64d33a29ae8a3c85ed698e5b"
    version "0.5.0"
    declared_version_source "nimble"
    src_dir ""
    requires
    provenance {
        origin "observed"
        kind "git"
        url "https://example.com/bearssl.git"
        ref "v1"
        commit_sha "bbbb1111bbbb1111bbbb1111bbbb1111bbbb1111"
    }
}

dep "chronos" {
    source {
        kind "git"
        url (url)"https://example.com/chronos"
        ref "main"
    }
    identity "dag-sha256:61148f9214c0c15a01362979f98fcd7e5d07c0eb6b19d3e3777082338646bf3d"
    version "0.0.0"
    src_dir ""
    requires "bearssl"
    provenance {
        origin "observed"
        kind "git"
        url "https://example.com/chronos.git"
        ref "main"
        commit_sha "cccc2222cccc2222cccc2222cccc2222cccc2222"
    }
}
