// generated by milpa; reproducible build snapshot
version 1
strategy "maxver"

dep "bar" {
    source {
        kind "registry"
        registry "tianguis"
        name "bar"
    }
    identity "dag-sha256:7028c5e1f7028cdb9b606fee32f106ce057ae4e30bd60de2ee8799f8411baae6"
    version "2.0.0"
    src_dir "src"
    requires
    provenance {
        origin "observed"
        kind "git"
        url "https://example.com/bar.git"
        ref "v2.0.0"
        commit_sha "1bff673b0033a54f9d840630af4f3d594672ed0f"
    }
}

dep "foo" {
    source {
        kind "registry"
        registry "tianguis"
        name "foo"
    }
    identity "dag-sha256:ee4c31f74ad165d9fe2086bbd1df183a50939b2f958face335e7a60fd44155c8"
    version "2.0.0"
    src_dir "src"
    requires
    provenance {
        origin "observed"
        kind "git"
        url "https://example.com/foo.git"
        ref "v2.0.0"
        commit_sha "e55b45cb1b203b7e8c6e5057bbae11c2978f38d0"
    }
}
