// generated by milpa; reproducible build snapshot
version 1
strategy "maxver"

dep "foo" {
    source {
        kind "git"
        url (url)"https://github.com/example/foo"
    }
    identity "dag-sha256:3e351c5a2cc1aa09059cf55207ad599a439baac321acbdaf45c7b563b4eac859"
    version "1.0.0"
    declared_version_source "nimble"
    src_dir "src"
    requires
    provenance {
        origin "observed"
        kind "git"
        url "https://github.com/example/foo.git"
        ref "v1\"x\\y"
        commit_sha "abcdef1234567890abcdef1234567890abcdef12"
    }
}
