// generated by milpa; reproducible build snapshot
version 1
strategy "maxver"

dep "lib-a" {
    identity "sha256:d2d202c427d34c53aa2bbb0cf3ffb9087eefa0f8f9c274a1ff7f2dd8cf453a98"
    version "0.0.1"
    src_dir ""
    requires "lib-target"
    active_flags "feat-a"
    provenance {
        origin "observed"
        kind "git"
        url "https://example.com/lib-a.git"
        ref "main"
        commit_sha "aaaa1111aaaa1111aaaa1111aaaa1111aaaa1111"
    }
}

dep "lib-b" {
    identity "sha256:93a0062f2b54fcfcffc380a035f2b09a28823aac808f7d46365490cd8f485441"
    version "0.0.1"
    src_dir ""
    requires "lib-target"
    active_flags "feat-b"
    provenance {
        origin "observed"
        kind "git"
        url "https://example.com/lib-b.git"
        ref "main"
        commit_sha "bbbb2222bbbb2222bbbb2222bbbb2222bbbb2222"
    }
}

dep "lib-end" {
    identity "sha256:fae64ab2a378f93e6e02b38da2db679d053f96d95da668cb9f536b67c5b12549"
    version "0.0.1"
    src_dir ""
    requires
    provenance {
        origin "observed"
        kind "git"
        url "https://example.com/lib-end.git"
        ref "main"
        commit_sha "dddd4444dddd4444dddd4444dddd4444dddd4444"
    }
}

dep "lib-target" {
    identity "sha256:66251a5bb4817414a68b6f6e4f6704fe8ddde1613532ab74bb32d3ed2cc68cd7"
    version "0.0.1"
    src_dir ""
    requires "lib-end"
    active_flags "flag-x" "flag-y"
    provenance {
        origin "observed"
        kind "git"
        url "https://example.com/lib-target.git"
        ref "main"
        commit_sha "cccc3333cccc3333cccc3333cccc3333cccc3333"
    }
}
