// generated by milpa; reproducible build snapshot
version 1
strategy "maxver"

dep "lib-a" {
    identity "dag-sha256:c6929b65cb8fdef836f9ac3de5cd48489214b83ce059275b9fe86e3ff30716fc"
    version "0.0.0"
    src_dir ""
    requires "lib-target"
    active_flags "feat-a"
    provenance {
        origin "observed"
        kind "git"
        url "https://example.com/lib-a.git"
        ref "main"
        commit_sha "aaaa1111aaaa1111aaaa1111aaaa1111aaaa1111"
    }
}

dep "lib-b" {
    identity "dag-sha256:3c0b72564db5d5ef8ffe0c8167f113edf75be80d736a1b7cb8065c8b44847f4f"
    version "0.0.0"
    src_dir ""
    requires "lib-target"
    active_flags "feat-b"
    provenance {
        origin "observed"
        kind "git"
        url "https://example.com/lib-b.git"
        ref "main"
        commit_sha "bbbb2222bbbb2222bbbb2222bbbb2222bbbb2222"
    }
}

dep "lib-end" {
    identity "dag-sha256:2fbe28e6dde1b7f20399d700d54607c62c73d689242b331c7d71662ed30bcf96"
    version "0.0.0"
    src_dir ""
    requires
    provenance {
        origin "observed"
        kind "git"
        url "https://example.com/lib-end.git"
        ref "main"
        commit_sha "dddd4444dddd4444dddd4444dddd4444dddd4444"
    }
}

dep "lib-target" {
    identity "dag-sha256:e9c174849cbb386ac156b03d03a7ce448cf4b1864c328588de00aa47beea7768"
    version "0.0.0"
    src_dir ""
    requires "lib-end"
    active_flags "flag-x" "flag-y"
    provenance {
        origin "observed"
        kind "git"
        url "https://example.com/lib-target.git"
        ref "main"
        commit_sha "cccc3333cccc3333cccc3333cccc3333cccc3333"
    }
}
