// generated by milpa; reproducible build snapshot
version 1
strategy "maxver"

dep "foo" {
    identity "dag-sha256:3f177d66f545e38c566b265dae02c2de6696aa0a817f6fd162280e6fa4871531"
    version "1.0.0"
    src_dir "src"
    requires
    provenance {
        origin "observed"
        kind "git"
        url "https://github.com/example/foo.git"
        ref "v1.0.0"
        commit_sha "aabbccddeeff00112233445566778899aabbccdd"
    }
}
