// generated by milpa; reproducible build snapshot
version 1
strategy "maxver"

dep "foo" {
    identity "dag-sha256:38f90d37c53bfa99ff326a5310b0e6f4ad8b125540b461f0d23cfc9174322f20"
    version "1.0.0"
    src_dir "src"
    requires
    provenance {
        origin "observed"
        kind "git"
        url "https://github.com/example/foo.git"
        ref "v1.0.0"
        commit_sha "aabbccddeeff00112233445566778899aabbccdd"
    }
}
