// generated by milpa; reproducible build snapshot
version 1
strategy "maxver"

dep "mylib" {
    version "0.2.0"
    declared_version_source "nimble"
    src_dir ""
    requires
    provenance {
        origin "observed"
        kind "local"
        path "./mylib-fork"
    }
}

dep "translib" {
    identity "dag-sha256:51224ffa03f35b2f5987c8654c5fcd8942f9400d9bdb9c8f501fa32b7471ad9b"
    version "0.0.0"
    src_dir "src"
    requires "mylib"
    provenance {
        origin "observed"
        kind "git"
        url "https://example.com/translib.git"
        ref "main"
        commit_sha "aaaa000000000000000000000000000000000001"
    }
}
