// generated by milpa; reproducible build snapshot
version 1
strategy "maxver"

dep "bearssl" {
    source {
        kind "git"
        url (url)"https://example.com/bearssl"
        ref "main"
    }
    identity "dag-sha256:b8f44205d2a518343f918d473f2939889e8e908d127240a0e7ab16c5cbe68711"
    version "0.6.0"
    declared_version_source "manifest"
    src_dir ""
    requires
    provenance {
        origin "observed"
        kind "git"
        url "https://example.com/bearssl.git"
        ref "main"
        commit_sha "dddd7777dddd7777dddd7777dddd7777dddd7777"
    }
}

dep "chronos" {
    source {
        kind "git"
        url (url)"https://example.com/chronos"
        ref "main"
    }
    identity "dag-sha256:61148f9214c0c15a01362979f98fcd7e5d07c0eb6b19d3e3777082338646bf3d"
    version "0.0.0"
    src_dir ""
    requires "bearssl"
    provenance {
        origin "observed"
        kind "git"
        url "https://example.com/chronos.git"
        ref "main"
        commit_sha "eeee8888eeee8888eeee8888eeee8888eeee8888"
    }
}
