// generated by milpa; reproducible build snapshot
version 1
strategy "maxver"

dep "featurelib" {
    source {
        kind "git"
        url (url)"https://example.com/featurelib"
        ref "main"
    }
    identity "dag-sha256:7eb987ad460a2a8aade9cde0781f8d914c11cbaf97e583aa9a0ddfbeb0f60d9f"
    version "0.0.0"
    src_dir ""
    requires
    provenance {
        origin "observed"
        kind "git"
        url "https://example.com/featurelib.git"
        ref "main"
        commit_sha "ccdd1111ccdd1111ccdd1111ccdd1111ccdd1111"
    }
}

dep "member-a" {
    source {
        kind "member"
        name "member-a"
    }
    identity "dag-sha256:1ff103fe50c8bc79b6186c3ddddc0c7213e5bebf325b657ed10cc83436e5b90e"
    version "0.0.0"
    src_dir ""
    requires "featurelib"
    provenance {
        origin "observed"
        kind "member"
        name "member-a"
    }
}
