// generated by milpa; reproducible build snapshot
version 1
strategy "maxver"

dep "featurelib" {
    identity "sha256:25294c1843da6cc519fe5c3b5994d8de156183009f6b65e4d691ba06964a7449"
    version "0.0.1"
    src_dir ""
    requires
    provenance {
        origin "observed"
        kind "git"
        url "https://example.com/featurelib.git"
        ref "main"
        commit_sha "ccdd1111ccdd1111ccdd1111ccdd1111ccdd1111"
    }
}

dep "member-a" {
    identity "sha256:f9ffe0073d5dd6ab5ce5c9789ebfa110a1547a9fd9c8acd913f0d12f25ba7bf3"
    version "0.0.1"
    src_dir ""
    requires "featurelib"
    provenance {
        origin "observed"
        kind "member"
        name "member-a"
    }
}
