// generated by milpa; reproducible build snapshot
version 1
strategy "maxver"

dep "nim-z3" {
    source {
        kind "git"
        url (url)"https://example.com/nim-z3"
        ref "main"
    }
    identity "dag-sha256:99ec44d54733f547c95c90e4c4e5b57095414e69dc907243a20e470f504c75aa"
    version "0.0.0"
    src_dir "src"
    requires
    provenance {
        origin "observed"
        kind "git"
        url "https://example.com/nim-z3.git"
        ref "main"
        commit_sha "3333333333333333333333333333333333333333"
    }
}

dep "proptest" {
    source {
        kind "git"
        url (url)"https://example.com/proptest"
        ref "main"
    }
    identity "dag-sha256:d6bc557ecab7ae48580ba47b1e25a4e69c083f1a283b6cd0c9183c2e49b0dcd0"
    version "0.0.0"
    src_dir "src"
    requires "nim-z3" "softlink"
    provenance {
        origin "observed"
        kind "git"
        url "https://example.com/proptest.git"
        ref "main"
        commit_sha "1111111111111111111111111111111111111111"
    }
}

dep "softlink" {
    source {
        kind "git"
        url (url)"https://example.com/softlink"
        ref "main"
    }
    identity "dag-sha256:0a1b703694686b843ec60a3ba41f1691673a29ff02fb3216be445c2aeeba9ede"
    version "0.0.0"
    src_dir "src"
    requires
    provenance {
        origin "observed"
        kind "git"
        url "https://example.com/softlink.git"
        ref "main"
        commit_sha "2222222222222222222222222222222222222222"
    }
}
