// generated by milpa; reproducible build snapshot
version 1
strategy "maxver"

dep "crisol" {
    identity "dag-sha256:9fe22a192fb367d2b43f8f78612d78704b6f97cc7f7576cc683aab2a9ffc4ede"
    version "2.0.0"
    src_dir ""
    requires
    provenance {
        origin "observed"
        kind "git"
        url "https://example.com/crisol.git"
        ref "v2.0.0"
        commit_sha "c2c2c2c2c2c2c2c2c2c2c2c2c2c2c2c2c2c2c2c2"
    }
}

dep "httputils" {
    identity "dag-sha256:3bda8d8ad4d926c04b5e9eeb5576c2fe59dc5d950dc8489478a664ef5a9811db"
    version "1.0.0"
    src_dir ""
    requires
    provenance {
        origin "observed"
        kind "git"
        url "https://example.com/httputils.git"
        ref "v1.0.0"
        commit_sha "a1a1a1a1a1a1a1a1a1a1a1a1a1a1a1a1a1a1a1a1"
    }
}

dep "member-a" {
    identity "dag-sha256:560545b3c4633c1a07b912ddbbcc7b85aaeff94d19d0e2f79e8260700b3efdfc"
    version "0.0.0"
    src_dir ""
    requires "crisol"
    provenance {
        origin "observed"
        kind "member"
        name "member-a"
    }
}

dep "member-b" {
    identity "dag-sha256:0e8a5328d91c5c3beead0c97a7a0fcaab540d7ef3739f5590cff62ed6da7d223"
    version "0.0.0"
    src_dir ""
    requires "httputils"
    provenance {
        origin "observed"
        kind "member"
        name "member-b"
    }
}
