// generated by milpa; reproducible build snapshot
version 1
strategy "maxver"

dep "foo" {
    identity "sha256:9b0826d01d3a53779145a445a0e3cbf8b3fd12c55d5d99a15c8a3700f00f1b4d"
    version "0.0.1"
    src_dir "src"
    requires
    aliases "bar"
    provenance {
        origin "observed"
        kind "git"
        url "https://example.com/foo.git"
        ref "main"
        commit_sha "deadbeef01"
    }
}

dep "pkg-a" {
    identity "sha256:df9e95d752a7ec96b0bef873db3d783ddd29c463b8cbe67f81f98ffa2f65acce"
    version "0.0.1"
    src_dir "src"
    requires "foo"
    provenance {
        origin "observed"
        kind "member"
        name "pkg-a"
    }
}

dep "pkg-b" {
    identity "sha256:618a50370948d5682f87ccac890e4e4b6a0010cb9b9ae3098c8b37df1f0dc180"
    version "0.0.1"
    src_dir "src"
    requires "foo"
    provenance {
        origin "observed"
        kind "member"
        name "pkg-b"
    }
}
