// generated by milpa; reproducible build snapshot
version 1
strategy "maxver"

dep "foo" {
    identity "dag-sha256:bf96b8218ab368e242f81123dd8de4d52bfc53a100f755737a08196d86f15b64"
    version "0.0.1"
    src_dir "src"
    requires
    aliases "bar"
    provenance {
        origin "observed"
        kind "git"
        url "https://example.com/foo.git"
        ref "main"
        commit_sha "deadbeef01"
    }
}

dep "pkg-a" {
    identity "dag-sha256:b19b0be9e3067490e84a6bfb5f66c0e71edfeb4487dc32cd8e1d4b5bc419c913"
    version "0.0.1"
    src_dir "src"
    requires "foo"
    provenance {
        origin "observed"
        kind "member"
        name "pkg-a"
    }
}

dep "pkg-b" {
    identity "dag-sha256:bec433de5e995d41563a93ae60ec31ec5865535e3f9d943c3f80118efd362782"
    version "0.0.1"
    src_dir "src"
    requires "foo"
    provenance {
        origin "observed"
        kind "member"
        name "pkg-b"
    }
}
