// generated by milpa; reproducible build snapshot
version 1
strategy "maxver"

dep "depx" {
    identity "dag-sha256:e9ee4c28591a142fc44ff25b625d8874abfb135782886bbb1740785fd22e66ce"
    version "1.0.0"
    declared_version_source "nimble"
    src_dir "src"
    requires
    provenance {
        origin "observed"
        kind "git"
        url "https://github.com/example/depx.git"
        ref "v1.0.0"
        commit_sha "dddd00000000000000000000000000000000dddd"
    }
}

dep "depy" {
    identity "dag-sha256:37f2d13653a477680c521b82beb85fdb4c02603940d55a82227c8503b2731dce"
    version "1.0.0"
    declared_version_source "nimble"
    src_dir "src"
    requires
    provenance {
        origin "observed"
        kind "git"
        url "https://github.com/example/depy.git"
        ref "v1.0.0"
        commit_sha "eeee00000000000000000000000000000000eeee"
    }
}

dep "foo" {
    identity "dag-sha256:88c70edb5937f199251ce03b004f7246a7aec0c44c2e4581ca34eb23667be2b8"
    version "1.0.0"
    declared_version_source "nimble"
    src_dir "src"
    requires "depx" "depy"
    cond-require "depx" platform="linux"
    cond-require "depy" platform="linux"
    provenance {
        origin "observed"
        kind "git"
        url "https://github.com/example/foo.git"
        ref "main"
        commit_sha "abcdef1234567890abcdef1234567890abcdef12"
    }
}
