// generated by milpa; reproducible build snapshot
version 1
strategy "maxver"

dep "depx" {
    identity "sha256:859f4985ff58df7d867909ca1f746a5cced34a253288327366a40e52c94c7f15"
    version "0.0.1"
    src_dir "src"
    requires
    provenance {
        origin "observed"
        kind "git"
        url "https://github.com/example/depx.git"
        ref "v1.0.0"
        commit_sha "dddd00000000000000000000000000000000dddd"
    }
}

dep "depy" {
    identity "sha256:0e115cc95f6eb19d5389ab832182409194bccb0f6c59e4ff788a4e9fb6155683"
    version "0.0.1"
    src_dir "src"
    requires
    provenance {
        origin "observed"
        kind "git"
        url "https://github.com/example/depy.git"
        ref "v1.0.0"
        commit_sha "eeee00000000000000000000000000000000eeee"
    }
}

dep "foo" {
    identity "sha256:0729ba34a4d2b8fb23579c5dfc05aad4c5ef60916b744c8b774f639dccbfc7a9"
    version "0.0.1"
    src_dir "src"
    requires "depx" "depy"
    cond-require "depx" platform="linux"
    cond-require "depy" platform="linux"
    provenance {
        origin "observed"
        kind "git"
        url "https://github.com/example/foo.git"
        ref "main"
        commit_sha "abcdef1234567890abcdef1234567890abcdef12"
    }
}
