// generated by milpa; reproducible build snapshot
version 1
strategy "maxver"

dep "foo" {
    identity "dag-sha256:0000000000000000000000000000000000000000000000000000000000000001"
    version "0.0.1"
    src_dir "src"
    requires
    provenance {
        origin "observed"
        kind "git"
        url "https://primary.example.com/foo.git"
        ref "main"
        commit_sha "abcdef1234567890abcdef1234567890abcdef12"
    }
}
