// generated by milpa; reproducible build snapshot
version 1
strategy "maxver"

dep "bar" {
    identity "dag-sha256:b3c247b86932fdd805b72883fad69dc427bd8e32ac09edac0b614fa92c0df5d6"
    version "0.0.1"
    src_dir "src"
    requires
    provenance {
        origin "observed"
        kind "git"
        url "https://github.com/example/bar.git"
        ref "v1.0.0"
        commit_sha "ffffffff00000000ffffffff00000000ffffffff"
    }
}

dep "foo" {
    identity "dag-sha256:356370fc03d9d32b79786124984dcbec25159f12c4450a6a9b691bc371521bc9"
    version "0.0.1"
    src_dir "src"
    requires "bar"
    cond-require "bar" platform="linux"
    cond-require "bar" platform="macosx"
    provenance {
        origin "observed"
        kind "git"
        url "https://github.com/example/foo.git"
        ref "main"
        commit_sha "abcdef1234567890abcdef1234567890abcdef12"
    }
}
