// generated by milpa; reproducible build snapshot
version 1
strategy "maxver"

dep "bar" {
    source {
        kind "git"
        url (url)"https://github.com/example/bar"
        ref "v1.0.0"
    }
    identity "dag-sha256:0f3fa6691e136e67b47da2d2c5ff7eefad5d5c2b9902bc615a7db77bd955c3e0"
    version "1.0.0"
    declared_version_source "nimble"
    src_dir "src"
    requires
    provenance {
        origin "observed"
        kind "git"
        url "https://github.com/example/bar.git"
        ref "v1.0.0"
        commit_sha "ffffffff00000000ffffffff00000000ffffffff"
    }
}

dep "foo" {
    source {
        kind "git"
        url (url)"https://github.com/example/foo"
        ref "main"
    }
    identity "dag-sha256:09911000d8b22d4985e566b8a2da55af8ed4dd79444baee62ede7e368afe243d"
    version "1.0.0"
    declared_version_source "nimble"
    src_dir "src"
    requires "bar"
    cond-require "bar" platform="linux"
    cond-require "bar" platform="macosx"
    provenance {
        origin "observed"
        kind "git"
        url "https://github.com/example/foo.git"
        ref "main"
        commit_sha "abcdef1234567890abcdef1234567890abcdef12"
    }
}
