// generated by milpa; reproducible build snapshot
version 1
strategy "maxver"

dep "optlib" {
    source {
        kind "git"
        url (url)"https://example.com/optlib"
        ref "main"
    }
    identity "dag-sha256:706e36e278fa62c0ae27c5ff67dc1443422c6974fb6b0894d3e902a26b8a3840"
    version "0.0.0"
    src_dir ""
    requires
    provenance {
        origin "observed"
        kind "git"
        url "https://example.com/optlib.git"
        ref "main"
        commit_sha "aabb0000aabb0000aabb0000aabb0000aabb0000"
    }
}
