// generated by milpa; reproducible build snapshot
version 1
strategy "maxver"

dep "react-core" {
    source {
        kind "git"
        url (url)"https://example.com/react"
        subpath "packages/react-core"
    }
    identity "dag-sha256:b30dae3f5a8e238489ddca9cd82cc9b1b09d8243dd2d7ba0f1bea9383e175d8a"
    version "2.0.0"
    declared_version_source "manifest"
    src_dir ""
    requires
    provenance {
        origin "observed"
        kind "git"
        url "https://example.com/react.git"
        ref "v2-branch"
        commit_sha "cccccccccccccccccccccccccccccccccccccccc"
    }
}

dep "react-dom" {
    source {
        kind "git"
        url (url)"https://example.com/react"
        subpath "packages/react-dom"
    }
    identity "dag-sha256:465427c8d7f8fe8d7f4c3a44f27074e193da57459999a6d3309a84158e81594a"
    version "0.0.0"
    src_dir ""
    requires
    provenance {
        origin "observed"
        kind "git"
        url "https://example.com/react.git"
        ref "main"
        commit_sha "aaaaaaaaaaaaaaaaaaaaaaaaaaaaaaaaaaaaaaaa"
    }
}
