// generated by milpa; reproducible build snapshot
version 1
strategy "maxver"

dep "bearssl" {
    source {
        kind "git"
        url (url)"https://example.com/bearssl"
    }
    identity "dag-sha256:545da43b72a5d48cb3b6e48bda53f4fc7af89c0c7c4da0b3f5467fb4673b85f6"
    version "0.5.0"
    declared_version_source "annotation"
    src_dir ""
    requires
    provenance {
        origin "observed"
        kind "git"
        url "https://example.com/bearssl.git"
        ref "main"
        commit_sha "bbbb5555bbbb5555bbbb5555bbbb5555bbbb5555"
    }
}

dep "chronos" {
    source {
        kind "git"
        url (url)"https://example.com/chronos"
    }
    identity "dag-sha256:61148f9214c0c15a01362979f98fcd7e5d07c0eb6b19d3e3777082338646bf3d"
    version "0.0.0"
    src_dir ""
    requires "bearssl"
    provenance {
        origin "observed"
        kind "git"
        url "https://example.com/chronos.git"
        ref "main"
        commit_sha "cccc6666cccc6666cccc6666cccc6666cccc6666"
    }
}
