// generated by milpa; reproducible build snapshot
version 1
strategy "maxver"

dep "bar" {
    identity "dag-sha256:6d03428ef81a5c5343af8bcd6e89558badb3002a5cf8d5563d350fc6393c8c92"
    version "0.0.1"
    src_dir "src"
    requires
    provenance {
        origin "observed"
        kind "git"
        url "https://github.com/example/bar.git"
        ref "main"
        commit_sha "1234567890abcdef1234567890abcdef12345678"
    }
}

dep "foo" {
    identity "dag-sha256:43174efaf1fd8f6e9bd2ed405e124b7d1d4f30e3672afbfbb17986a7b8ee25a0"
    version "0.0.1"
    src_dir "src"
    requires
    provenance {
        origin "observed"
        kind "git"
        url "https://github.com/example/foo.git"
        ref "main"
        commit_sha "abcdef1234567890abcdef1234567890abcdef12"
    }
}
