// generated by milpa; reproducible build snapshot
version 1
strategy "maxver"

dep "lib-a" {
    identity "sha256:7fdd643850f1bb924aa468d2b3d538a122edca4651337b1b1e627fa22a2567ad"
    version "0.0.1"
    src_dir ""
    requires "lib-b"
    active_flags "f1"
    provenance {
        origin "observed"
        kind "git"
        url "https://example.com/lib-a.git"
        ref "main"
        commit_sha "aaaa1111aaaa1111aaaa1111aaaa1111aaaa1111"
    }
}

dep "lib-b" {
    identity "sha256:97758f23c28d05e720b62608d658b54977cfafb206c7a81c23ce5498d0dbb7ee"
    version "0.0.1"
    src_dir ""
    requires "lib-c"
    active_flags "g1"
    provenance {
        origin "observed"
        kind "git"
        url "https://example.com/lib-b.git"
        ref "main"
        commit_sha "bbbb1111bbbb1111bbbb1111bbbb1111bbbb1111"
    }
}

dep "lib-c" {
    identity "sha256:bd73cb846e6b0da2af09cc500e766442b644b153ea9d485e54c920d765919ddf"
    version "0.0.1"
    src_dir ""
    requires
    provenance {
        origin "observed"
        kind "git"
        url "https://example.com/lib-c.git"
        ref "main"
        commit_sha "cccc1111cccc1111cccc1111cccc1111cccc1111"
    }
}
