// generated by milpa; reproducible build snapshot
version 1
strategy "maxver"

dep "pkg-a" {
    identity "sha256:bc145e9cef31d4090e458c15ca3a0dff2d6707b2f6334777c4ed61c2b4b8dea3"
    version "0.0.1"
    src_dir "src"
    requires "pkg-b"
    provenance {
        origin "observed"
        kind "member"
        name "pkg-a"
    }
}

dep "pkg-b" {
    identity "sha256:a01dc4f0ded96b3b5f823003fd0d2676007c673b90b350348b505a8463efcff1"
    version "0.0.1"
    src_dir ""
    requires "pkg-c"
    provenance {
        origin "observed"
        kind "member"
        name "pkg-b"
    }
}

dep "pkg-c" {
    identity "sha256:0da60a1f6630d39e8e7d4efc7cd082dce94e6c77e8e459bd12b2471c7dcd132a"
    version "0.0.1"
    src_dir ""
    requires
    provenance {
        origin "observed"
        kind "member"
        name "pkg-c"
    }
}
