// generated by milpa; reproducible build snapshot
version 1
strategy "maxver"

dep "pkg-a" {
    identity "dag-sha256:dc534f178fdccdd65b406d86108489c7fd77dc7fe177e2a1414ef23d9d353cf2"
    version "0.0.0"
    src_dir "src"
    requires "pkg-b"
    provenance {
        origin "observed"
        kind "member"
        name "pkg-a"
    }
}

dep "pkg-b" {
    identity "dag-sha256:a8ff275c1f87c668282f3b25e29ef83c7f836c6ff69ae0c06daa7bb4a98bd49c"
    version "0.0.0"
    src_dir ""
    requires "pkg-c"
    provenance {
        origin "observed"
        kind "member"
        name "pkg-b"
    }
}

dep "pkg-c" {
    identity "dag-sha256:daaf48205b43377e541e6a19b70186efc20d312b96320413cb65efbb8221bd6a"
    version "0.0.0"
    src_dir ""
    requires
    provenance {
        origin "observed"
        kind "member"
        name "pkg-c"
    }
}
