// generated by milpa; reproducible build snapshot
version 1
strategy "maxver"

dep "extlib" {
    identity "sha256:e0b6c41a3af15c89dc5e8b042165cbc1b03098ec449964664c7b774e3251d36c"
    version "0.0.1"
    src_dir ""
    requires
    provenance {
        origin "observed"
        kind "git"
        url "https://example.com/extlib.git"
        ref "main"
        commit_sha "ee11000000000000000000000000000000000001"
    }
}

dep "member-a" {
    identity "sha256:d3d0af140f1cb763d078913ac7d91808783e3fb127c1d1e066280e31af3b2abb"
    version "0.0.1"
    src_dir ""
    requires "extlib" "member-b"
    provenance {
        origin "observed"
        kind "member"
        name "member-a"
    }
}

dep "member-b" {
    identity "sha256:a75c2e7dd2b7933bada9c7b82c93094a96edf1b31fd8a1d881e8656d5de1b27f"
    version "0.0.1"
    src_dir ""
    requires
    provenance {
        origin "observed"
        kind "member"
        name "member-b"
    }
}
