// generated by milpa; reproducible build snapshot
version 1
strategy "maxver"

dep "extlib" {
    identity "dag-sha256:3af28f998d8f9614a60c6fc37e0c08299cd4a06c843a01c88d7a82f9c6d8a704"
    version "0.0.0"
    src_dir ""
    requires
    provenance {
        origin "observed"
        kind "git"
        url "https://example.com/extlib.git"
        ref "main"
        commit_sha "ee11000000000000000000000000000000000001"
    }
}

dep "member-a" {
    identity "dag-sha256:c0baf8ddfbfecd5ac06ba2df4cf62fcc5b980b978fd64d0616f098f7c347c558"
    version "0.0.0"
    src_dir ""
    requires "extlib" "member-b"
    provenance {
        origin "observed"
        kind "member"
        name "member-a"
    }
}

dep "member-b" {
    identity "dag-sha256:4302ff765a9f8eb7bb626c9ac3b0040f1478b22351e30ad60d5e7826db7c449f"
    version "0.0.0"
    src_dir ""
    requires
    provenance {
        origin "observed"
        kind "member"
        name "member-b"
    }
}
