// generated by milpa; reproducible build snapshot
version 1
strategy "maxver"

dep "debuglib" {
    identity "dag-sha256:b0b044d257e9cc0e2e5cf3d86ea3ad616502dbbd960df44cb1142d643307ffe7"
    version "0.0.0"
    src_dir ""
    requires
    provenance {
        origin "observed"
        kind "git"
        url "https://example.com/debuglib.git"
        ref "main"
        commit_sha "eeff2222eeff2222eeff2222eeff2222eeff2222"
    }
}

dep "tlslib" {
    identity "dag-sha256:06c42623e12c1c865699ca9de8753487c38098aae8354498c6637e765bba8500"
    version "0.0.0"
    src_dir ""
    requires
    provenance {
        origin "observed"
        kind "git"
        url "https://example.com/tlslib.git"
        ref "main"
        commit_sha "aabb1111aabb1111aabb1111aabb1111aabb1111"
    }
}
