// generated by milpa; reproducible build snapshot
version 1
strategy "maxver"

dep "debuglib" {
    identity "dag-sha256:612f0f3d4b4d47051306c28466cf65ce05b9223285179ef9c087f6005bd1699e"
    version "0.0.1"
    src_dir ""
    requires
    provenance {
        origin "observed"
        kind "git"
        url "https://example.com/debuglib.git"
        ref "main"
        commit_sha "eeff2222eeff2222eeff2222eeff2222eeff2222"
    }
}

dep "tlslib" {
    identity "dag-sha256:2ac25ea74f0747af23d9eaff360bea2d822b7bfa88dfe4dad370357fb49bd9d6"
    version "0.0.1"
    src_dir ""
    requires
    provenance {
        origin "observed"
        kind "git"
        url "https://example.com/tlslib.git"
        ref "main"
        commit_sha "aabb1111aabb1111aabb1111aabb1111aabb1111"
    }
}
