// generated by milpa; reproducible build snapshot
version 1
strategy "maxver"

dep "locallib" {
    identity "dag-sha256:0000000000000000000000000000000000000000000000000000000000000001"
    version "0.0.1"
    src_dir ""
    requires
    provenance {
        origin "observed"
        kind "local"
        path "../locallib"
    }
}
