// generated by milpa; reproducible build snapshot
version 1
strategy "maxver"

dep "mylib" {
    identity "sha256:29fd457cfa9f8dcc8d07d0be4cd68ad37d59f76f190d993dd9c29710c80774fd"
    version "0.0.1"
    src_dir ""
    requires
    provenance {
        origin "observed"
        kind "tarball"
        url "https://example.com/h2-hardlink.tar.gz"
        sha256 "28636d8e00b69254356cc8799c864df340935b4e67931031e805b530e87fbb15"
    }
}
