// generated by milpa; reproducible build snapshot
version 1
strategy "maxver"

dep "mylib" {
    identity "dag-sha256:f18587036d1c18e8cae5e881018c2f79b060fb1e88d2427c03c4dee7f32f6f5d"
    version "0.1.0"
    declared_version_source "nimble"
    src_dir ""
    requires
    provenance {
        origin "observed"
        kind "tarball"
        url "https://example.com/h2-hardlink.tar.gz"
        sha256 "28636d8e00b69254356cc8799c864df340935b4e67931031e805b530e87fbb15"
    }
}
