// generated by milpa; reproducible build snapshot
version 1
strategy "maxver"

dep "lib-a" {
    identity "dag-sha256:47b35f38cd5746555751313a65031be451995cca3ddc06eca781cd35d1f3213d"
    version "0.0.1"
    src_dir ""
    requires "lib-shared"
    provenance {
        origin "observed"
        kind "git"
        url "https://example.com/lib-a.git"
        ref "main"
        commit_sha "aaaa0000aaaa0000aaaa0000aaaa0000aaaa0000"
    }
}

dep "lib-b" {
    identity "dag-sha256:ad400916f60b143cf1bc6d8457d6d8f9b3d9daac12aed480e6af73994b493dca"
    version "0.0.1"
    src_dir ""
    requires "lib-shared"
    provenance {
        origin "observed"
        kind "git"
        url "https://example.com/lib-b.git"
        ref "main"
        commit_sha "bbbb0000bbbb0000bbbb0000bbbb0000bbbb0000"
    }
}

dep "lib-e" {
    identity "dag-sha256:e49b02e09cfcadda0054ba6785f3e96ea1fec6124e07f71bd683cb1b4f9db070"
    version "0.0.1"
    src_dir ""
    requires
    provenance {
        origin "observed"
        kind "git"
        url "https://example.com/lib-e.git"
        ref "main"
        commit_sha "dddd0000dddd0000dddd0000dddd0000dddd0000"
    }
}

dep "lib-shared" {
    identity "dag-sha256:838c929e365594ccee9428e0fc1d7bc580e51bf1d568b82b36f8768476c5ddbb"
    version "0.0.1"
    src_dir ""
    requires "lib-e"
    active_flags "feat-x"
    provenance {
        origin "observed"
        kind "git"
        url "https://example.com/lib-shared.git"
        ref "main"
        commit_sha "cccc0000cccc0000cccc0000cccc0000cccc0000"
    }
}
