// generated by milpa; reproducible build snapshot
version 1
strategy "maxver"

dep "lib-a" {
    identity "dag-sha256:4f7de9ff82cc932903c71fe8ceac84d7ac3248fbc1a64680a74e82e5cd7ec36b"
    version "0.0.0"
    src_dir ""
    requires "lib-shared"
    provenance {
        origin "observed"
        kind "git"
        url "https://example.com/lib-a.git"
        ref "main"
        commit_sha "aaaa0000aaaa0000aaaa0000aaaa0000aaaa0000"
    }
}

dep "lib-b" {
    identity "dag-sha256:8a5a0c2c7a96530f29d1fab65a961f1608f9a76e2af3b7432bdd28c50fa22b2a"
    version "0.0.0"
    src_dir ""
    requires "lib-shared"
    provenance {
        origin "observed"
        kind "git"
        url "https://example.com/lib-b.git"
        ref "main"
        commit_sha "bbbb0000bbbb0000bbbb0000bbbb0000bbbb0000"
    }
}

dep "lib-e" {
    identity "dag-sha256:8c14d41e31f658eacb5df35ea703b30bf19ceb27873e79c1f0c0d3c4abd1a1e3"
    version "0.0.0"
    src_dir ""
    requires
    provenance {
        origin "observed"
        kind "git"
        url "https://example.com/lib-e.git"
        ref "main"
        commit_sha "dddd0000dddd0000dddd0000dddd0000dddd0000"
    }
}

dep "lib-shared" {
    identity "dag-sha256:3527dd86fa897be0c8ec62a925da47877da5d987e8c06b7416ad3a9da1961ea4"
    version "0.0.0"
    src_dir ""
    requires "lib-e"
    active_flags "feat-x"
    provenance {
        origin "observed"
        kind "git"
        url "https://example.com/lib-shared.git"
        ref "main"
        commit_sha "cccc0000cccc0000cccc0000cccc0000cccc0000"
    }
}
