// generated by milpa; reproducible build snapshot
version 1
strategy "maxver"

dep "foo" {
    identity "dag-sha256:2d9b26a4bf9fc1d8438bc3fb000658686225438ef7af81c5ad190d538323e542"
    version "1.0.0"
    src_dir ""
    requires
    provenance {
        origin "observed"
        kind "registry"
        name "foo"
        tag "v1.0.0"
        commit_sha "abcdef1234567890abcdef1234567890abcdef12"
    }
}
