// generated by milpa; reproducible build snapshot
version 1
strategy "maxver"

dep "foo" {
    identity "sha256:f7d32350eb49ae82ceff3f40c8920407d4c541024a544cc4265aa62d313f5f79"
    version "1.0.0"
    src_dir ""
    requires
    provenance {
        origin "observed"
        kind "registry"
        name "foo"
        tag "v1.0.0"
        commit_sha "abcdef1234567890abcdef1234567890abcdef12"
    }
}
