// generated by milpa; reproducible build snapshot
version 1
strategy "maxver"

dep "mylib" {
    identity "dag-sha256:f1baf39c8862bbf23d5e7b919d640e3929529b78334d3b69a526fafc55755ac6"
    version "0.0.1"
    src_dir ""
    requires
    provenance {
        origin "observed"
        kind "tarball"
        url "https://example.com/eol-crlf.tar.gz"
        sha256 "fd6b592d403f16208824567c8ee0397c1a0a611e077eedaafcb9b0c3af5f7611"
    }
}
