// generated by milpa; reproducible build snapshot
version 1
strategy "maxver"

dep "mylib" {
    identity "dag-sha256:6f13a3cfaf4d9b35b24f2ca1e26adf78787b0d32e8b5657084223b5793184778"
    version "0.0.0"
    src_dir ""
    requires
    provenance {
        origin "observed"
        kind "tarball"
        url "https://example.com/eol-crlf.tar.gz"
        sha256 "fd6b592d403f16208824567c8ee0397c1a0a611e077eedaafcb9b0c3af5f7611"
    }
}
