// generated by milpa; reproducible build snapshot
version 1
strategy "maxver"

dep "member-a" {
    identity "dag-sha256:0aca6f1a76a48640eb1ea8a458010c862fd77c480c3f081314e690bead0d4bef"
    version "0.0.1"
    src_dir ""
    requires
    provenance {
        origin "observed"
        kind "member"
        name "member-a"
    }
}
