// generated by milpa; reproducible build snapshot
version 1
strategy "maxver"

dep "lib-a" {
    identity "dag-sha256:9bf939bd2ea1ed4c5be0c0f5db5ecea905725ebc85bbb693c8795f297de80bcf"
    version "0.0.1"
    src_dir ""
    requires "lib-shared"
    provenance {
        origin "observed"
        kind "git"
        url "https://example.com/lib-a.git"
        ref "main"
        commit_sha "aaaa0000aaaa0000aaaa0000aaaa0000aaaa0000"
    }
}

dep "lib-b" {
    identity "dag-sha256:80f5ca3c6f1120369c63811624bff5fa3a123377603fdf4d25a897f2eed2cd57"
    version "0.0.1"
    src_dir ""
    requires "lib-shared"
    provenance {
        origin "observed"
        kind "git"
        url "https://example.com/lib-b.git"
        ref "main"
        commit_sha "bbbb0000bbbb0000bbbb0000bbbb0000bbbb0000"
    }
}

dep "lib-e" {
    identity "dag-sha256:e49b02e09cfcadda0054ba6785f3e96ea1fec6124e07f71bd683cb1b4f9db070"
    version "0.0.1"
    src_dir ""
    requires
    provenance {
        origin "observed"
        kind "git"
        url "https://example.com/lib-e.git"
        ref "main"
        commit_sha "dddd0000dddd0000dddd0000dddd0000dddd0000"
    }
}

dep "lib-f" {
    identity "dag-sha256:52e7e595c86a07e5dbf4a7e528672c9c4a2f2c5814a1a722cc040dec47267b44"
    version "0.0.1"
    src_dir ""
    requires
    provenance {
        origin "observed"
        kind "git"
        url "https://example.com/lib-f.git"
        ref "main"
        commit_sha "eeee0000eeee0000eeee0000eeee0000eeee0000"
    }
}

dep "lib-shared" {
    identity "dag-sha256:4708bcfaf6a7bbab47dc1251266fe90b2888e97ff2bc707c08a9cc68153d6f46"
    version "0.0.1"
    src_dir ""
    requires "lib-e" "lib-f"
    active_flags "feat-x" "feat-y"
    provenance {
        origin "observed"
        kind "git"
        url "https://example.com/lib-shared.git"
        ref "main"
        commit_sha "cccc0000cccc0000cccc0000cccc0000cccc0000"
    }
}
