// generated by milpa; reproducible build snapshot
version 1
strategy "maxver"

dep "lib-a" {
    identity "dag-sha256:2d72f40bfe9c3d21ebb8143f82d7c41f564a9a5003bfe2c6a9310dd041644531"
    version "0.0.1"
    src_dir ""
    requires "lib-shared"
    provenance {
        origin "observed"
        kind "git"
        url "https://example.com/lib-a.git"
        ref "main"
        commit_sha "aaaa0000aaaa0000aaaa0000aaaa0000aaaa0000"
    }
}

dep "lib-b" {
    identity "dag-sha256:2c806bf47ff6d44bbdcbb41ec6048bbc0b07e2e14f6b4d0aff0da404a9150098"
    version "0.0.1"
    src_dir ""
    requires "lib-shared"
    provenance {
        origin "observed"
        kind "git"
        url "https://example.com/lib-b.git"
        ref "main"
        commit_sha "bbbb0000bbbb0000bbbb0000bbbb0000bbbb0000"
    }
}

dep "lib-e" {
    identity "dag-sha256:8c14d41e31f658eacb5df35ea703b30bf19ceb27873e79c1f0c0d3c4abd1a1e3"
    version "0.0.1"
    src_dir ""
    requires
    provenance {
        origin "observed"
        kind "git"
        url "https://example.com/lib-e.git"
        ref "main"
        commit_sha "dddd0000dddd0000dddd0000dddd0000dddd0000"
    }
}

dep "lib-f" {
    identity "dag-sha256:509553e31c99a46f4e50198dbe13fbad1a5d54660f99d694260811e015ae099b"
    version "0.0.1"
    src_dir ""
    requires
    provenance {
        origin "observed"
        kind "git"
        url "https://example.com/lib-f.git"
        ref "main"
        commit_sha "eeee0000eeee0000eeee0000eeee0000eeee0000"
    }
}

dep "lib-shared" {
    identity "dag-sha256:751011d3f9312482aa15403cbe40dba9681d1b79d639c8daa0a2db26b7d0aa86"
    version "0.0.1"
    src_dir ""
    requires "lib-e" "lib-f"
    active_flags "feat-x" "feat-y"
    provenance {
        origin "observed"
        kind "git"
        url "https://example.com/lib-shared.git"
        ref "main"
        commit_sha "cccc0000cccc0000cccc0000cccc0000cccc0000"
    }
}
