// generated by milpa; reproducible build snapshot
version 1
strategy "maxver"

dep "lib-flags" {
    identity "sha256:0042a3fcba8ec348801638ad0b1d38244102c681fb006fef5cd6f5b0d03344fb"
    version "0.0.1"
    src_dir ""
    requires
    active_flags "alpha" "beta"
    provenance {
        origin "observed"
        kind "git"
        url "https://example.com/lib-flags.git"
        ref "main"
        commit_sha "f1f1f1f1f1f1f1f1f1f1f1f1f1f1f1f1f1f1f1f1"
    }
}
