// generated by milpa; reproducible build snapshot
version 1
strategy "maxver"

dep "lib-flags" {
    identity "dag-sha256:4562522c6d39f56093b3e1068b197a104c17057c2a144fb41ebafd4419f61281"
    version "0.0.1"
    src_dir ""
    requires
    active_flags "alpha" "beta"
    provenance {
        origin "observed"
        kind "git"
        url "https://example.com/lib-flags.git"
        ref "main"
        commit_sha "f1f1f1f1f1f1f1f1f1f1f1f1f1f1f1f1f1f1f1f1"
    }
}
