// generated by milpa; reproducible build snapshot
version 1
strategy "maxver"

dep "corelib" {
    identity "dag-sha256:3c07925437559e08f7c69f2b2f102934010472764efdff055148c6bcd3f7bab0"
    version "0.0.0"
    src_dir ""
    requires
    provenance {
        origin "observed"
        kind "git"
        url "https://example.com/corelib.git"
        ref "main"
        commit_sha "dd4d0000dd4d0000dd4d0000dd4d0000dd4d0000"
    }
}

dep "main-lib2" {
    identity "dag-sha256:9052841dbb48a642d1defdfad9ea010dcec8d172f8d36c8ad131fd7da97559f9"
    version "0.0.0"
    src_dir ""
    requires "corelib"
    provenance {
        origin "observed"
        kind "git"
        url "https://example.com/main-lib2.git"
        ref "main"
        commit_sha "cc3c0000cc3c0000cc3c0000cc3c0000cc3c0000"
    }
}
