// generated by milpa; reproducible build snapshot
version 1
strategy "maxver"

dep "corelib" {
    identity "dag-sha256:ca44a0934350995395763a728867ba425efde8f999885ea818dfd6b6f851f17b"
    version "0.0.1"
    src_dir ""
    requires
    provenance {
        origin "observed"
        kind "git"
        url "https://example.com/corelib.git"
        ref "main"
        commit_sha "dd4d0000dd4d0000dd4d0000dd4d0000dd4d0000"
    }
}

dep "main-lib2" {
    identity "dag-sha256:42ae4b2b4c58753e812c98bdc5eac41d02c18b5cab993a5e412732dba6f50fc4"
    version "0.0.1"
    src_dir ""
    requires "corelib"
    provenance {
        origin "observed"
        kind "git"
        url "https://example.com/main-lib2.git"
        ref "main"
        commit_sha "cc3c0000cc3c0000cc3c0000cc3c0000cc3c0000"
    }
}
