// generated by milpa; reproducible build snapshot
version 1
strategy "maxver"

dep "extdep" {
    identity "dag-sha256:12a867a17b33723bfa300bcf3b6ab2ca1a9a51bf6a743887ad005e91f7922061"
    version "0.0.1"
    src_dir "src"
    requires "innerlib"
    provenance {
        origin "observed"
        kind "git"
        url "https://example.com/extdep.git"
        ref "main"
        commit_sha "bbbb000000000000000000000000000000000001"
    }
}

dep "innerlib" {
    identity "dag-sha256:560bb54c2695418d9b0ddbb93083169a9848bcff3bfbc34a983529a50638dadc"
    version "0.0.1"
    src_dir "src"
    requires
    provenance {
        origin "observed"
        kind "member"
        name "innerlib"
    }
}

dep "member-a" {
    identity "dag-sha256:fbb737ceac299db478672920cf5c32c65b910ec57444a6b3e7da2a87de87fdb2"
    version "0.0.1"
    src_dir "src"
    requires "extdep"
    provenance {
        origin "observed"
        kind "member"
        name "member-a"
    }
}
