// generated by milpa; reproducible build snapshot
version 1
strategy "maxver"

dep "libbar" {
    identity "sha256:8e5993e3c885dc876559e664001b5c1184aee88f7e9f3cd1538b6718305760bc"
    version "0.0.1"
    src_dir ""
    requires
    provenance {
        origin "observed"
        kind "member"
        name "libbar"
    }
}
dep "libfoo" {
    identity "sha256:0000000000000000000000000000000000000000000000000000000000000002"
    version "0.0.1"
    src_dir ""
    requires
    provenance {
        origin "observed"
        kind "member"
        name "libfoo"
    }
}
