// generated by milpa; reproducible build snapshot
version 1
strategy "maxver"

dep "libbar" {
    identity "dag-sha256:49845efa0775928552ad4327409411c871582b1c717b53e97a4f11acc6ab0eb3"
    version "0.0.1"
    src_dir ""
    requires
    provenance {
        origin "observed"
        kind "member"
        name "libbar"
    }
}
dep "libfoo" {
    identity "dag-sha256:0000000000000000000000000000000000000000000000000000000000000002"
    version "0.0.1"
    src_dir ""
    requires
    provenance {
        origin "observed"
        kind "member"
        name "libfoo"
    }
}
