// generated by milpa; reproducible build snapshot
version 1
strategy "maxver"

dep "foo" {
    identity "dag-sha256:43174efaf1fd8f6e9bd2ed405e124b7d1d4f30e3672afbfbb17986a7b8ee25a0"
    version "0.0.1"
    src_dir "src"
    requires
    provenance {
        origin "observed"
        kind "git"
        url "https://github.com/example/foo.git"
        ref "main"
        commit_sha "abcdef1234567890abcdef1234567890abcdef12"
    }
}

dep "member-a" {
    identity "dag-sha256:8f2433862bf26ee8aa7f5b905839265b2fd3e36c65a02ee8971c69c4eae79af2"
    version "0.0.1"
    src_dir ""
    requires "foo"
    provenance {
        origin "observed"
        kind "member"
        name "member-a"
    }
}
