// generated by milpa; reproducible build snapshot
version 1
strategy "maxver"

dep "alpha" {
    identity "dag-sha256:2403eb2fa8406e6d923f213f0419a87df68776cfb5ef012ac527a1ed1eb17abf"
    version "0.0.1"
    src_dir "src"
    requires "lib-shared"
    provenance {
        origin "observed"
        kind "member"
        name "alpha"
    }
}

dep "beta" {
    identity "dag-sha256:dbe69490334f51c2cd37f26bef3e1df308c6006e8fa9d95be5cd4ef28cd41a43"
    version "0.0.1"
    src_dir "src"
    requires "lib-shared"
    provenance {
        origin "observed"
        kind "member"
        name "beta"
    }
}

dep "lib-shared" {
    identity "dag-sha256:80ae5a6185fc6900516b81cb6572237541a66f6774091906ea32561056ff05e7"
    version "0.0.1"
    src_dir ""
    requires
    active_flags "feat-x" "feat-y"
    provenance {
        origin "observed"
        kind "git"
        url "https://example.com/lib-shared.git"
        ref "main"
        commit_sha "cccc1111cccc1111cccc1111cccc1111cccc1111"
    }
}
