// generated by milpa; reproducible build snapshot
version 1
strategy "maxver"

dep "member-a" {
    identity "dag-sha256:fa76fd0b3034eb452fb8ea91f41a1b7ebdedd2c87a6c7f77dcbc461f3869b6d3"
    version "0.0.1"
    src_dir ""
    requires "namedlib"
    provenance {
        origin "observed"
        kind "member"
        name "member-a"
    }
}

dep "namedlib" {
    identity "dag-sha256:d1bfa1267396edad8cfdde906fd2e4c834c5811310bce251fdfb11e95475c0d7"
    version "1.0.0"
    src_dir ""
    requires
    provenance {
        origin "observed"
        kind "git"
        url "https://example.com/namedlib.git"
        ref "v1.0.0"
        commit_sha "ff11000000000000000000000000000000000001"
    }
}
