// generated by milpa; reproducible build snapshot
version 1
strategy "maxver"

dep "foo" {
    source {
        kind "git"
        url (url)"https://example.com/foo-fork"
    }
    identity "dag-sha256:85c214935e90d005adc4fb0df5914e72a90fba6d9127c8fee81f1130c2e66b64"
    version "1.0.0"
    src_dir ""
    requires
    provenance {
        origin "observed"
        kind "git"
        url "https://example.com/foo-fork.git"
        ref "main"
        commit_sha "cccc0000000000000000000000000000000000c3"
    }
}
