// generated by milpa; reproducible build snapshot
version 1
strategy "maxver"

dep "bar" {
    identity "dag-sha256:aaaaaaaaaaaaaaaaaaaaaaaaaaaaaaaaaaaaaaaaaaaaaaaaaaaaaaaaaaaaaaaa"
    version "0.0.1"
    src_dir "src"
    requires
    aliases "alpha" "beta"
    provenance {
        origin "observed"
        kind "git"
        url "https://github.com/example/bar.git"
        ref "main"
        commit_sha "aaaaaaaaaaaaaaaaaaaaaaaaaaaaaaaaaaaaaaaa"
    }
}
