// generated by milpa; reproducible build snapshot
version 1
strategy "maxver"

dep "extra" {
    source {
        kind "git"
        url (url)"https://github.com/example/extra"
        ref "v1.0.0"
    }
    identity "dag-sha256:bb9390fd585c66ea7996da098702c4ee187d344ac53b814dc3bd7c52eeb7fbac"
    version "1.0.0"
    declared_version_source "nimble"
    src_dir "src"
    requires
    provenance {
        origin "observed"
        kind "git"
        url "https://github.com/example/extra.git"
        ref "v1.0.0"
        commit_sha "beefbeefbeefbeefbeefbeefbeefbeefbeefbeef"
    }
}

dep "foo" {
    source {
        kind "git"
        url (url)"https://github.com/example/foo"
        ref "main"
    }
    identity "dag-sha256:ede155728950ac9f62636d1fd7eed7a43b504f0e44ba760ab165872cf533f9c4"
    version "1.0.0"
    declared_version_source "nimble"
    src_dir "src"
    requires "extra"
    cond-require "extra" platform="linux"
    provenance {
        origin "observed"
        kind "git"
        url "https://github.com/example/foo.git"
        ref "main"
        commit_sha "abcdef1234567890abcdef1234567890abcdef12"
    }
}
