// generated by milpa; reproducible build snapshot
version 1
strategy "maxver"

dep "bar" {
    identity "dag-sha256:9497672a6e7b5af95064d5709cd2a7a0b6ccd07a209fd541eb1402dc7a9e0383"
    version "2.0.0"
    src_dir "src"
    requires
    dep_decl "sha256:8c2f20b957c5a16fe803caa5b0d3d4997b500549cae95d5716ded986d1c5ed22"
    provenance {
        origin "observed"
        kind "git"
        url "https://github.com/example/bar.git"
        ref "v2.0.0"
        commit_sha "cafef00dcafef00dcafef00dcafef00dcafef00d"
    }
}

dep "qux" {
    identity "dag-sha256:ca19ae349f8dafcee0d7343feed7475567407935803b4b3171943712d251445c"
    version "1.0.0"
    src_dir "src"
    requires "bar"
    provenance {
        origin "observed"
        kind "git"
        url "https://github.com/example/qux.git"
        ref "v1.0.0"
        commit_sha "d00dd00dd00dd00dd00dd00dd00dd00dd00dd00d"
    }
}
