// generated by milpa; reproducible build snapshot
version 1
strategy "maxver"

dep "foo" {
    identity "sha256:a2e634cc8fa6e2b3b79ee01f835eddacff54dd5d2392d747c4d6ce5c7a5d27e9"
    version "0.0.1"
    src_dir "src"
    requires
    provenance {
        origin "observed"
        kind "tarball"
        url "https://example.com/foo.tar.gz"
        sha256 "<TARBALL-SHA256>"
    }
}
