// generated by milpa; reproducible build snapshot
version 1
strategy "maxver"

dep "lib-tls" {
    identity "sha256:3027ba09315410f81dea4ede7a089025f79e15c3608472e81a30422b1d0da43b"
    version "0.0.1"
    src_dir ""
    requires
    active_flags "openssl"
    provenance {
        origin "observed"
        kind "git"
        url "https://example.com/lib-tls.git"
        ref "main"
        commit_sha "eeee0000eeee0000eeee0000eeee0000eeee0000"
    }
}
