// generated by milpa; reproducible build snapshot
version 1
strategy "maxver"

dep "lib-tls" {
    source {
        kind "git"
        url (url)"https://example.com/lib-tls"
        ref "main"
    }
    identity "dag-sha256:27860c5f0fde705d6be14422d18b622f9093d7a267e98286949418ae17e50fae"
    version "0.0.0"
    src_dir ""
    requires
    active_flags "openssl"
    provenance {
        origin "observed"
        kind "git"
        url "https://example.com/lib-tls.git"
        ref "main"
        commit_sha "eeee0000eeee0000eeee0000eeee0000eeee0000"
    }
}
