// generated by milpa; reproducible build snapshot
version 1
strategy "maxver"

dep "alpha" {
    identity "sha256:016f6e6b75d6f76630c3f53e4ad9bbce944d2eda15ad61e49a169d240f695360"
    version "0.0.1"
    src_dir ""
    requires
    provenance {
        kind "git"
        url "https://example.com/alpha.git"
        ref "main"
        commit_sha "aaaa111111111111111111111111111111111111"
    }
}

dep "beta" {
    identity "sha256:d120807523f12a4ac2d1be88d215750dea4c75eadc516f263fd74e724ab8ca54"
    version "0.0.1"
    src_dir ""
    requires
    provenance {
        kind "git"
        url "https://example.com/beta.git"
        ref "v1"
        commit_sha "bbbb222222222222222222222222222222222222"
    }
}
