// generated by milpa; reproducible build snapshot
version 1
strategy "maxver"

dep "foo" {
    identity "dag-sha256:06fd4bd2db63e1f5cdf907c6e51b59448c802ddf8918a6bb69866eaa3362cd10"
    version "0.0.1"
    src_dir "src"
    requires "relonly"
    provenance {
        origin "observed"
        kind "git"
        url "https://github.com/example/foo.git"
        ref "main"
        commit_sha "abcdef1234567890abcdef1234567890abcdef12"
    }
}

dep "relonly" {
    identity "dag-sha256:df6c822818c8d26316c03ef981bbd7b9ce79eb97a2296f2491522d7bddabb028"
    version "0.0.1"
    src_dir "src"
    requires
    provenance {
        origin "observed"
        kind "git"
        url "https://github.com/example/relonly.git"
        ref "v1.0.0"
        commit_sha "feedfeed000000000000000000000000000000ff"
    }
}
