// generated by milpa; reproducible build snapshot
version 1
strategy "maxver"

dep "foo" {
    identity "sha256:417bc428a2a77a7114a9f211d4f3adf066b893d4e7f5200d0d0786fe9b637c07"
    version "0.0.1"
    src_dir "src"
    requires "relonly"
    provenance {
        kind "git"
        url "https://github.com/example/foo.git"
        ref "main"
        commit_sha "abcdef1234567890abcdef1234567890abcdef12"
    }
}

dep "relonly" {
    identity "sha256:2e91d024ed2e165ddd2bb4a260ec95d06d0152e50a8b16c13ba1e4cd7648cf3a"
    version "0.0.1"
    src_dir "src"
    requires
    provenance {
        kind "git"
        url "https://github.com/example/relonly.git"
        ref "v1.0.0"
        commit_sha "feedfeed000000000000000000000000000000ff"
    }
}
